{
  "version": 4,
  "terraform_version": "1.13.3",
  "serial": 256,
  "lineage": "18c25325-82e1-2cde-d6ea-53988e78e73d",
  "outputs": {
    "api_domain_name": {
      "value": "No domain configured - use ALB DNS name",
      "type": "string"
    },
    "api_url": {
      "value": "http://sttf-prod-alb-1147555780.eu-central-1.elb.amazonaws.com",
      "type": "string"
    },
    "bastion_public_dns": {
      "value": "ec2-3-77-237-55.eu-central-1.compute.amazonaws.com",
      "type": "string"
    },
    "bastion_public_ip": {
      "value": "3.77.237.55",
      "type": "string"
    },
    "ecr_registry_id": {
      "value": "700903221803",
      "type": "string"
    },
    "ecr_repository_arn": {
      "value": "arn:aws:ecr:eu-central-1:700903221803:repository/sttf-api",
      "type": "string"
    },
    "ecr_repository_url": {
      "value": "700903221803.dkr.ecr.eu-central-1.amazonaws.com/sttf-api",
      "type": "string"
    },
    "prod_alb_arn": {
      "value": "arn:aws:elasticloadbalancing:eu-central-1:700903221803:loadbalancer/app/sttf-prod-alb/7445f7505cc28703",
      "type": "string"
    },
    "prod_alb_dns_name": {
      "value": "sttf-prod-alb-1147555780.eu-central-1.elb.amazonaws.com",
      "type": "string"
    },
    "prod_alb_zone_id": {
      "value": "Z215JYRZR1TBD5",
      "type": "string"
    },
    "prod_db_endpoint": {
      "value": "sttf-api-prod-db.czsuc4ms8v8w.eu-central-1.rds.amazonaws.com:5432",
      "type": "string"
    },
    "prod_db_name": {
      "value": "sttf_api_prod",
      "type": "string"
    },
    "prod_db_port": {
      "value": 5432,
      "type": "number"
    },
    "prod_instance_id": {
      "value": "i-07e10d974523aafef",
      "type": "string"
    },
    "prod_instance_public_dns": {
      "value": "",
      "type": "string"
    },
    "prod_instance_public_ip": {
      "value": "",
      "type": "string"
    },
    "ssh_connection_command": {
      "value": "ssh -i ~/.ssh/EC2Staging.pem ec2-user@3.77.237.55",
      "type": "string"
    },
    "ssh_to_ec2_command": {
      "value": "ssh -i ~/.ssh/EC2Staging.pem -J ec2-user@3.77.237.55 ec2-user@\u003cPRIVATE_IP\u003e",
      "type": "string"
    },
    "ssl_certificate_arn": {
      "value": "No SSL certificate - using HTTP only",
      "type": "string"
    },
    "staging_alb_arn": {
      "value": "arn:aws:elasticloadbalancing:eu-central-1:700903221803:loadbalancer/app/sttf-staging-alb/f0ea137961c556fe",
      "type": "string"
    },
    "staging_alb_dns_name": {
      "value": "sttf-staging-alb-283741733.eu-central-1.elb.amazonaws.com",
      "type": "string"
    },
    "staging_alb_zone_id": {
      "value": "Z215JYRZR1TBD5",
      "type": "string"
    },
    "staging_api_domain_name": {
      "value": "No domain configured - use ALB DNS name",
      "type": "string"
    },
    "staging_api_url": {
      "value": "http://sttf-staging-alb-283741733.eu-central-1.elb.amazonaws.com",
      "type": "string"
    },
    "staging_db_endpoint": {
      "value": "sttf-api-staging-db.czsuc4ms8v8w.eu-central-1.rds.amazonaws.com:5432",
      "type": "string"
    },
    "staging_db_name": {
      "value": "sttf_api_staging",
      "type": "string"
    },
    "staging_db_port": {
      "value": 5432,
      "type": "number"
    },
    "staging_instance_id": {
      "value": "i-03be9f6bea9629cde",
      "type": "string"
    },
    "staging_instance_public_dns": {
      "value": "",
      "type": "string"
    },
    "staging_instance_public_ip": {
      "value": "",
      "type": "string"
    },
    "vpc_cidr_block": {
      "value": "10.0.0.0/16",
      "type": "string"
    },
    "vpc_id": {
      "value": "vpc-0c0a2f9dbac9d5707",
      "type": "string"
    }
  },
  "resources": [
    {
      "mode": "data",
      "type": "archive_file",
      "name": "lambda_zip",
      "provider": "provider[\"registry.terraform.io/hashicorp/archive\"]",
      "instances": [
        {
          "schema_version": 0,
          "attributes": {
            "exclude_symlink_directories": null,
            "excludes": null,
            "id": "628e6137a3226b858954f0ecd7be9be77ef14127",
            "output_base64sha256": "c7rlGYUtA3KRnQ+CO6ggcVaRVnSoBqSWB7YFNtx82Qc=",
            "output_base64sha512": "vN7kkP9W1ra9UU2DiXZoiI0h1aoZ2H5kewHjr4S+1Rc71ukwHFLYoYO5Ilb0tI0Gv0hEl6VCWzzSN9g/wbbzqw==",
            "output_file_mode": null,
            "output_md5": "9df45dfab9771ddbc92c084561a01414",
            "output_path": "deploy_lambda.zip",
            "output_sha": "628e6137a3226b858954f0ecd7be9be77ef14127",
            "output_sha256": "73bae519852d0372919d0f823ba8207156915674a806a49607b60536dc7cd907",
            "output_sha512": "bcdee490ff56d6b6bd514d83897668888d21d5aa19d87e647b01e3af84bed5173bd6e9301c52d8a183b92256f4b48d06bf484497a5425b3cd237d83fc1b6f3ab",
            "output_size": 1748,
            "source": [
              {
                "content": "import json\nimport boto3\nimport os\nimport time\n\ndef handler(event, context):\n    \"\"\"\n    Lambda function to automatically deploy new ECR images to EC2 instances\n    \"\"\"\n    print(f\"Received event: {json.dumps(event)}\")\n    \n    # Get environment variables\n    staging_instance_id = os.environ['STAGING_INSTANCE_ID']\n    prod_instance_id = os.environ['PROD_INSTANCE_ID']\n    ecr_repository_url = os.environ['ECR_REPOSITORY_URL']\n    aws_region = os.environ['DEPLOYMENT_REGION']\n    \n    # Get the image tag from the event\n    image_tag = event['detail']['image-tag']\n    repository_name = event['detail']['repository-name']\n    \n    print(f\"Processing image push for {repository_name}:{image_tag}\")\n    \n    # Initialize AWS clients\n    ssm_client = boto3.client('ssm', region_name=aws_region)\n    ecr_client = boto3.client('ecr', region_name=aws_region)\n    \n    # Determine which instance to update based on image tag\n    if image_tag == 'latest':\n        target_instance_id = staging_instance_id\n        container_name = 'sttf-api-staging'\n        secret_name = 'SttfApiStagingContainerSecrets-v2'\n        print(f\"Deploying to staging instance: {target_instance_id}\")\n    elif image_tag == 'prod':\n        target_instance_id = prod_instance_id\n        container_name = 'sttf-api-prod'\n        secret_name = 'SttfApiProdContainerSecrets-v2'\n        print(f\"Deploying to production instance: {target_instance_id}\")\n    else:\n        print(f\"Unknown image tag: {image_tag}. Skipping deployment.\")\n        return {\n            'statusCode': 200,\n            'body': json.dumps(f'Unknown image tag: {image_tag}')\n        }\n    \n    try:\n        # Create deployment script\n        deployment_script = f\"\"\"#!/bin/bash\nset -e\n\n# Login to ECR\naws ecr get-login-password --region {aws_region} | docker login --username AWS --password-stdin {ecr_repository_url}\n\n# Pull the new image\ndocker pull {ecr_repository_url}:{image_tag}\n\n# Stop and remove existing container\ndocker stop {container_name} 2\u003e/dev/null || true\ndocker rm {container_name} 2\u003e/dev/null || true\n\n# Run the new container with environment variables from Secrets Manager\ndocker run -d -p 5000:5000 --name {container_name} \\\n  --env-file \u003c(aws secretsmanager get-secret-value \\\n    --secret-id {secret_name} \\\n    --query SecretString --output text | jq -r 'to_entries|map(\"\\(.key)=\\(.value|tostring)\")|.[]') \\\n  {ecr_repository_url}:{image_tag}\n\n# Verify container is running\nsleep 10\nif docker ps | grep -q {container_name}; then\n    echo \"Deployment successful: {container_name} is running\"\nelse\n    echo \"Deployment failed: {container_name} is not running\"\n    exit 1\nfi\n\"\"\"\n        \n        # Send command to EC2 instance\n        response = ssm_client.send_command(\n            InstanceIds=[target_instance_id],\n            DocumentName=\"AWS-RunShellScript\",\n            Parameters={\n                'commands': [deployment_script]\n            },\n            TimeoutSeconds=300\n        )\n        \n        command_id = response['Command']['CommandId']\n        print(f\"Sent deployment command {command_id} to instance {target_instance_id}\")\n        \n        # Wait for command to complete\n        max_attempts = 30\n        for attempt in range(max_attempts):\n            time.sleep(10)\n            \n            try:\n                result = ssm_client.get_command_invocation(\n                    CommandId=command_id,\n                    InstanceId=target_instance_id\n                )\n                \n                status = result['Status']\n                print(f\"Command status: {status}\")\n                \n                if status in ['Success', 'Failed', 'Cancelled', 'TimedOut']:\n                    if status == 'Success':\n                        print(f\"Deployment successful for {image_tag}\")\n                        return {\n                            'statusCode': 200,\n                            'body': json.dumps(f'Deployment successful for {image_tag}')\n                        }\n                    else:\n                        error_message = result.get('StandardErrorContent', 'Unknown error')\n                        print(f\"Deployment failed: {error_message}\")\n                        return {\n                            'statusCode': 500,\n                            'body': json.dumps(f'Deployment failed: {error_message}')\n                        }\n                        \n            except ssm_client.exceptions.InvocationDoesNotExist:\n                print(f\"Command {command_id} not found, waiting...\")\n                continue\n        \n        print(\"Command timed out\")\n        return {\n            'statusCode': 500,\n            'body': json.dumps('Deployment timed out')\n        }\n        \n    except Exception as e:\n        print(f\"Error during deployment: {str(e)}\")\n        return {\n            'statusCode': 500,\n            'body': json.dumps(f'Deployment error: {str(e)}')\n        }",
                "filename": "index.py"
              }
            ],
            "source_content": null,
            "source_content_filename": null,
            "source_dir": null,
            "source_file": null,
            "type": "zip"
          },
          "sensitive_attributes": [],
          "identity_schema_version": 0
        }
      ]
    },
    {
      "mode": "data",
      "type": "aws_ami",
      "name": "amazon_linux",
      "provider": "provider[\"registry.terraform.io/hashicorp/aws\"]",
      "instances": [
        {
          "schema_version": 0,
          "attributes": {
            "architecture": "x86_64",
            "arn": "arn:aws:ec2:eu-central-1::image/ami-0a88743759c81c37e",
            "block_device_mappings": [
              {
                "device_name": "/dev/xvda",
                "ebs": {
                  "delete_on_termination": "true",
                  "encrypted": "false",
                  "iops": "0",
                  "snapshot_id": "snap-013bd72a389d45651",
                  "volume_size": "8",
                  "volume_type": "gp2"
                },
                "no_device": "",
                "virtual_name": ""
              }
            ],
            "creation_date": "2025-09-10T19:04:05.000Z",
            "description": "Amazon Linux 2 AMI 2.0.20250915.0 x86_64 HVM gp2",
            "executable_users": null,
            "filter": [
              {
                "name": "name",
                "values": [
                  "amzn2-ami-hvm-*-x86_64-gp2"
                ]
              }
            ],
            "hypervisor": "xen",
            "id": "ami-0a88743759c81c37e",
            "image_id": "ami-0a88743759c81c37e",
            "image_location": "amazon/amzn2-ami-hvm-2.0.20250915.0-x86_64-gp2",
            "image_owner_alias": "amazon",
            "image_type": "machine",
            "kernel_id": null,
            "most_recent": true,
            "name": "amzn2-ami-hvm-2.0.20250915.0-x86_64-gp2",
            "name_regex": null,
            "owner_id": "137112412989",
            "owners": [
              "amazon"
            ],
            "platform": null,
            "product_codes": [],
            "public": true,
            "ramdisk_id": null,
            "root_device_name": "/dev/xvda",
            "root_device_type": "ebs",
            "root_snapshot_id": "snap-013bd72a389d45651",
            "sriov_net_support": "simple",
            "state": "available",
            "state_reason": {
              "code": "UNSET",
              "message": "UNSET"
            },
            "tags": {},
            "virtualization_type": "hvm"
          },
          "sensitive_attributes": [],
          "identity_schema_version": 0
        }
      ]
    },
    {
      "mode": "data",
      "type": "aws_availability_zones",
      "name": "available",
      "provider": "provider[\"registry.terraform.io/hashicorp/aws\"]",
      "instances": [
        {
          "schema_version": 0,
          "attributes": {
            "all_availability_zones": null,
            "exclude_names": null,
            "exclude_zone_ids": null,
            "filter": null,
            "group_names": [
              "eu-central-1-zg-1"
            ],
            "id": "2025-09-17 21:43:14.733058715 +0000 UTC",
            "names": [
              "eu-central-1a",
              "eu-central-1b",
              "eu-central-1c"
            ],
            "state": "available",
            "zone_ids": [
              "euc1-az2",
              "euc1-az3",
              "euc1-az1"
            ]
          },
          "sensitive_attributes": [],
          "identity_schema_version": 0
        }
      ]
    },
    {
      "mode": "data",
      "type": "aws_caller_identity",
      "name": "current",
      "provider": "provider[\"registry.terraform.io/hashicorp/aws\"]",
      "instances": [
        {
          "schema_version": 0,
          "attributes": {
            "account_id": "700903221803",
            "arn": "arn:aws:iam::700903221803:root",
            "id": "2025-09-17 21:43:15.387921768 +0000 UTC",
            "user_id": "700903221803"
          },
          "sensitive_attributes": [],
          "identity_schema_version": 0
        }
      ]
    },
    {
      "mode": "managed",
      "type": "aws_cloudwatch_event_rule",
      "name": "ecr_push_rule",
      "provider": "provider[\"registry.terraform.io/hashicorp/aws\"]",
      "instances": [
        {
          "schema_version": 0,
          "attributes": {
            "arn": "arn:aws:events:eu-central-1:700903221803:rule/sttf-ecr-push-rule",
            "description": "Trigger deployment when new image is pushed to ECR",
            "event_pattern": "{\"detail\":{\"action-type\":[\"PUSH\"],\"image-tag\":[\"latest\",\"prod\"],\"repository-name\":[\"sttf-api\"]},\"detail-type\":[\"ECR Image Action\"],\"source\":[\"aws.ecr\"]}",
            "id": "sttf-ecr-push-rule",
            "is_enabled": true,
            "name": "sttf-ecr-push-rule",
            "name_prefix": null,
            "role_arn": "",
            "schedule_expression": "",
            "tags": {}
          },
          "sensitive_attributes": [],
          "identity_schema_version": 0,
          "private": "bnVsbA==",
          "dependencies": [
            "aws_ecr_repository.sttf_api"
          ]
        }
      ]
    },
    {
      "mode": "managed",
      "type": "aws_cloudwatch_event_target",
      "name": "lambda_target",
      "provider": "provider[\"registry.terraform.io/hashicorp/aws\"]",
      "instances": [
        {
          "schema_version": 0,
          "attributes": {
            "arn": "arn:aws:lambda:eu-central-1:700903221803:function:sttf-deploy-function",
            "batch_target": [],
            "ecs_target": [],
            "id": "sttf-ecr-push-rule-DeployLambdaTarget",
            "input": "",
            "input_path": "",
            "input_transformer": [],
            "kinesis_target": [],
            "role_arn": "",
            "rule": "sttf-ecr-push-rule",
            "run_command_targets": [],
            "sqs_target": [],
            "target_id": "DeployLambdaTarget"
          },
          "sensitive_attributes": [],
          "identity_schema_version": 0,
          "private": "bnVsbA==",
          "dependencies": [
            "aws_cloudwatch_event_rule.ecr_push_rule",
            "aws_db_instance.sttf_api_prod_db",
            "aws_db_instance.sttf_api_staging_db",
            "aws_db_subnet_group.sttf_db_subnet_group",
            "aws_ecr_repository.sttf_api",
            "aws_iam_instance_profile.sttf_api_profile",
            "aws_iam_role.lambda_role",
            "aws_iam_role.sttf_api_role",
            "aws_iam_role_policy_attachment.lambda_policy",
            "aws_instance.sttf_api_prod",
            "aws_instance.sttf_api_staging",
            "aws_lambda_function.deploy_function",
            "aws_security_group.rds_sg",
            "aws_security_group.sttf_alb_sg",
            "aws_security_group.sttf_api_sg",
            "aws_subnet.sttf_private_subnet_1",
            "aws_subnet.sttf_private_subnet_2",
            "aws_vpc.sttf_vpc",
            "data.archive_file.lambda_zip",
            "data.aws_ami.amazon_linux",
            "data.aws_availability_zones.available"
          ]
        }
      ]
    },
    {
      "mode": "managed",
      "type": "aws_db_instance",
      "name": "sttf_api_prod_db",
      "provider": "provider[\"registry.terraform.io/hashicorp/aws\"]",
      "instances": [
        {
          "schema_version": 1,
          "attributes": {
            "address": "sttf-api-prod-db.czsuc4ms8v8w.eu-central-1.rds.amazonaws.com",
            "allocated_storage": 20,
            "allow_major_version_upgrade": null,
            "apply_immediately": null,
            "arn": "arn:aws:rds:eu-central-1:700903221803:db:sttf-api-prod-db",
            "auto_minor_version_upgrade": true,
            "availability_zone": "eu-central-1b",
            "backup_retention_period": 7,
            "backup_window": "03:00-04:00",
            "ca_cert_identifier": "rds-ca-rsa2048-g1",
            "character_set_name": null,
            "copy_tags_to_snapshot": false,
            "db_subnet_group_name": "sttf-db-subnet-group",
            "delete_automated_backups": true,
            "deletion_protection": false,
            "domain": "",
            "domain_iam_role_name": "",
            "enabled_cloudwatch_logs_exports": [],
            "endpoint": "sttf-api-prod-db.czsuc4ms8v8w.eu-central-1.rds.amazonaws.com:5432",
            "engine": "postgres",
            "engine_version": "15.14",
            "final_snapshot_identifier": null,
            "hosted_zone_id": "Z1RLNUO7B9Q6NB",
            "iam_database_authentication_enabled": false,
            "id": "sttf-api-prod-db",
            "identifier": "sttf-api-prod-db",
            "identifier_prefix": null,
            "instance_class": "db.t3.micro",
            "iops": 0,
            "kms_key_id": "arn:aws:kms:eu-central-1:700903221803:key/dd5d4f6d-40eb-41f4-95ef-ef3a0e8112c4",
            "license_model": "postgresql-license",
            "maintenance_window": "sun:04:00-sun:05:00",
            "max_allocated_storage": 100,
            "monitoring_interval": 0,
            "monitoring_role_arn": "",
            "multi_az": false,
            "name": "",
            "option_group_name": "default:postgres-15",
            "parameter_group_name": "default.postgres15",
            "password": "VZ27V4bm1BGPhDODG0rC7umRQG4xZ0Gt",
            "performance_insights_enabled": false,
            "performance_insights_kms_key_id": "",
            "performance_insights_retention_period": 0,
            "port": 5432,
            "publicly_accessible": false,
            "replicas": [],
            "replicate_source_db": "",
            "resource_id": "db-D2TYFX7A4FXOX6P73IYYDUORXM",
            "s3_import": [],
            "security_group_names": [],
            "skip_final_snapshot": true,
            "snapshot_identifier": null,
            "status": "available",
            "storage_encrypted": true,
            "storage_type": "gp2",
            "tags": {
              "Environment": "production",
              "Name": "sttf-api-prod-db",
              "Project": "sttf-hosting"
            },
            "timeouts": null,
            "timezone": "",
            "username": "sttf_admin",
            "vpc_security_group_ids": [
              "sg-0e134c9f49c0fe1b0"
            ]
          },
          "sensitive_attributes": [
            [
              {
                "type": "get_attr",
                "value": "password"
              }
            ]
          ],
          "identity_schema_version": 0,
          "private": "eyJlMmJmYjczMC1lY2FhLTExZTYtOGY4OC0zNDM2M2JjN2M0YzAiOnsiY3JlYXRlIjoyNDAwMDAwMDAwMDAwLCJkZWxldGUiOjI0MDAwMDAwMDAwMDAsInVwZGF0ZSI6NDgwMDAwMDAwMDAwMH0sInNjaGVtYV92ZXJzaW9uIjoiMSJ9",
          "dependencies": [
            "aws_db_subnet_group.sttf_db_subnet_group",
            "aws_security_group.rds_sg",
            "aws_security_group.sttf_alb_sg",
            "aws_security_group.sttf_api_sg",
            "aws_subnet.sttf_private_subnet_1",
            "aws_subnet.sttf_private_subnet_2",
            "aws_vpc.sttf_vpc",
            "data.aws_availability_zones.available"
          ]
        }
      ]
    },
    {
      "mode": "managed",
      "type": "aws_db_instance",
      "name": "sttf_api_staging_db",
      "provider": "provider[\"registry.terraform.io/hashicorp/aws\"]",
      "instances": [
        {
          "schema_version": 1,
          "attributes": {
            "address": "sttf-api-staging-db.czsuc4ms8v8w.eu-central-1.rds.amazonaws.com",
            "allocated_storage": 20,
            "allow_major_version_upgrade": null,
            "apply_immediately": null,
            "arn": "arn:aws:rds:eu-central-1:700903221803:db:sttf-api-staging-db",
            "auto_minor_version_upgrade": true,
            "availability_zone": "eu-central-1a",
            "backup_retention_period": 7,
            "backup_window": "03:00-04:00",
            "ca_cert_identifier": "rds-ca-rsa2048-g1",
            "character_set_name": null,
            "copy_tags_to_snapshot": false,
            "db_subnet_group_name": "sttf-db-subnet-group",
            "delete_automated_backups": true,
            "deletion_protection": false,
            "domain": "",
            "domain_iam_role_name": "",
            "enabled_cloudwatch_logs_exports": [],
            "endpoint": "sttf-api-staging-db.czsuc4ms8v8w.eu-central-1.rds.amazonaws.com:5432",
            "engine": "postgres",
            "engine_version": "15.14",
            "final_snapshot_identifier": null,
            "hosted_zone_id": "Z1RLNUO7B9Q6NB",
            "iam_database_authentication_enabled": false,
            "id": "sttf-api-staging-db",
            "identifier": "sttf-api-staging-db",
            "identifier_prefix": null,
            "instance_class": "db.t3.micro",
            "iops": 0,
            "kms_key_id": "arn:aws:kms:eu-central-1:700903221803:key/dd5d4f6d-40eb-41f4-95ef-ef3a0e8112c4",
            "license_model": "postgresql-license",
            "maintenance_window": "sun:04:00-sun:05:00",
            "max_allocated_storage": 100,
            "monitoring_interval": 0,
            "monitoring_role_arn": "",
            "multi_az": false,
            "name": "",
            "option_group_name": "default:postgres-15",
            "parameter_group_name": "default.postgres15",
            "password": "IlnlpPRrvQlhkNxftA5DqIpZ8oLG71eO",
            "performance_insights_enabled": false,
            "performance_insights_kms_key_id": "",
            "performance_insights_retention_period": 0,
            "port": 5432,
            "publicly_accessible": false,
            "replicas": [],
            "replicate_source_db": "",
            "resource_id": "db-DQ3SLHN7EAYF25GLEK33BPYBEA",
            "s3_import": [],
            "security_group_names": [],
            "skip_final_snapshot": true,
            "snapshot_identifier": null,
            "status": "available",
            "storage_encrypted": true,
            "storage_type": "gp2",
            "tags": {
              "Environment": "staging",
              "Name": "sttf-api-staging-db",
              "Project": "sttf-hosting"
            },
            "timeouts": null,
            "timezone": "",
            "username": "sttf_admin",
            "vpc_security_group_ids": [
              "sg-0e134c9f49c0fe1b0"
            ]
          },
          "sensitive_attributes": [
            [
              {
                "type": "get_attr",
                "value": "password"
              }
            ]
          ],
          "identity_schema_version": 0,
          "private": "eyJlMmJmYjczMC1lY2FhLTExZTYtOGY4OC0zNDM2M2JjN2M0YzAiOnsiY3JlYXRlIjoyNDAwMDAwMDAwMDAwLCJkZWxldGUiOjI0MDAwMDAwMDAwMDAsInVwZGF0ZSI6NDgwMDAwMDAwMDAwMH0sInNjaGVtYV92ZXJzaW9uIjoiMSJ9",
          "dependencies": [
            "aws_db_subnet_group.sttf_db_subnet_group",
            "aws_security_group.rds_sg",
            "aws_security_group.sttf_alb_sg",
            "aws_security_group.sttf_api_sg",
            "aws_subnet.sttf_private_subnet_1",
            "aws_subnet.sttf_private_subnet_2",
            "aws_vpc.sttf_vpc",
            "data.aws_availability_zones.available"
          ]
        }
      ]
    },
    {
      "mode": "managed",
      "type": "aws_db_subnet_group",
      "name": "sttf_db_subnet_group",
      "provider": "provider[\"registry.terraform.io/hashicorp/aws\"]",
      "instances": [
        {
          "schema_version": 0,
          "attributes": {
            "arn": "arn:aws:rds:eu-central-1:700903221803:subgrp:sttf-db-subnet-group",
            "description": "Managed by Terraform",
            "id": "sttf-db-subnet-group",
            "name": "sttf-db-subnet-group",
            "name_prefix": null,
            "subnet_ids": [
              "subnet-040e1f123cf86345e",
              "subnet-0ba15edf7b957e6c4"
            ],
            "tags": {
              "Environment": "shared",
              "Name": "sttf-db-subnet-group",
              "Project": "sttf-hosting"
            }
          },
          "sensitive_attributes": [],
          "identity_schema_version": 0,
          "private": "bnVsbA==",
          "dependencies": [
            "aws_subnet.sttf_private_subnet_1",
            "aws_subnet.sttf_private_subnet_2",
            "aws_vpc.sttf_vpc",
            "data.aws_availability_zones.available"
          ]
        }
      ]
    },
    {
      "mode": "managed",
      "type": "aws_ecr_repository",
      "name": "sttf_api",
      "provider": "provider[\"registry.terraform.io/hashicorp/aws\"]",
      "instances": [
        {
          "schema_version": 0,
          "attributes": {
            "arn": "arn:aws:ecr:eu-central-1:700903221803:repository/sttf-api",
            "encryption_configuration": [
              {
                "encryption_type": "AES256",
                "kms_key": ""
              }
            ],
            "id": "sttf-api",
            "image_scanning_configuration": [
              {
                "scan_on_push": false
              }
            ],
            "image_tag_mutability": "MUTABLE",
            "name": "sttf-api",
            "registry_id": "700903221803",
            "repository_url": "700903221803.dkr.ecr.eu-central-1.amazonaws.com/sttf-api",
            "tags": {},
            "timeouts": null
          },
          "sensitive_attributes": [],
          "identity_schema_version": 0,
          "private": "eyJlMmJmYjczMC1lY2FhLTExZTYtOGY4OC0zNDM2M2JjN2M0YzAiOnsiZGVsZXRlIjoxMjAwMDAwMDAwMDAwfX0="
        }
      ]
    },
    {
      "mode": "managed",
      "type": "aws_eip",
      "name": "sttf_nat_eip",
      "provider": "provider[\"registry.terraform.io/hashicorp/aws\"]",
      "instances": [
        {
          "schema_version": 0,
          "attributes": {
            "allocation_id": null,
            "associate_with_private_ip": null,
            "association_id": "eipassoc-05b2ef56227510bd1",
            "customer_owned_ip": "",
            "customer_owned_ipv4_pool": "",
            "domain": "vpc",
            "id": "eipalloc-08e3ac82ea7aa19fa",
            "instance": "",
            "network_interface": "eni-0049f256f19ac3f66",
            "private_dns": "ip-10-0-1-92.eu-central-1.compute.internal",
            "private_ip": "10.0.1.92",
            "public_dns": "ec2-18-198-115-97.eu-central-1.compute.amazonaws.com",
            "public_ip": "18.198.115.97",
            "public_ipv4_pool": "amazon",
            "tags": {
              "Environment": "shared",
              "Name": "sttf-nat-eip",
              "Project": "sttf-hosting"
            },
            "timeouts": null,
            "vpc": true
          },
          "sensitive_attributes": [],
          "identity_schema_version": 0,
          "private": "eyJlMmJmYjczMC1lY2FhLTExZTYtOGY4OC0zNDM2M2JjN2M0YzAiOnsiZGVsZXRlIjoxODAwMDAwMDAwMDAsInJlYWQiOjkwMDAwMDAwMDAwMCwidXBkYXRlIjozMDAwMDAwMDAwMDB9fQ=="
        }
      ]
    },
    {
      "mode": "managed",
      "type": "aws_iam_instance_profile",
      "name": "sttf_api_profile",
      "provider": "provider[\"registry.terraform.io/hashicorp/aws\"]",
      "instances": [
        {
          "schema_version": 0,
          "attributes": {
            "arn": "arn:aws:iam::700903221803:instance-profile/sttf-api-ec2-profile",
            "create_date": "2025-09-17T20:46:08Z",
            "id": "sttf-api-ec2-profile",
            "name": "sttf-api-ec2-profile",
            "name_prefix": null,
            "path": "/",
            "role": "sttf-api-ec2-role",
            "unique_id": "AIPA2GMIWNIVT4BXLKWUY"
          },
          "sensitive_attributes": [],
          "identity_schema_version": 0,
          "private": "bnVsbA==",
          "dependencies": [
            "aws_iam_role.sttf_api_role"
          ]
        }
      ]
    },
    {
      "mode": "managed",
      "type": "aws_iam_role",
      "name": "lambda_role",
      "provider": "provider[\"registry.terraform.io/hashicorp/aws\"]",
      "instances": [
        {
          "schema_version": 0,
          "attributes": {
            "arn": "arn:aws:iam::700903221803:role/sttf-lambda-role",
            "assume_role_policy": "{\"Version\":\"2012-10-17\",\"Statement\":[{\"Effect\":\"Allow\",\"Principal\":{\"Service\":\"lambda.amazonaws.com\"},\"Action\":\"sts:AssumeRole\"}]}",
            "create_date": "2025-09-17T20:46:07Z",
            "description": "",
            "force_detach_policies": false,
            "id": "sttf-lambda-role",
            "max_session_duration": 3600,
            "name": "sttf-lambda-role",
            "name_prefix": null,
            "path": "/",
            "permissions_boundary": null,
            "tags": {},
            "unique_id": "AROA2GMIWNIV2BQP4GZIA"
          },
          "sensitive_attributes": [],
          "identity_schema_version": 0,
          "private": "bnVsbA=="
        }
      ]
    },
    {
      "mode": "managed",
      "type": "aws_iam_role",
      "name": "sttf_api_role",
      "provider": "provider[\"registry.terraform.io/hashicorp/aws\"]",
      "instances": [
        {
          "schema_version": 0,
          "attributes": {
            "arn": "arn:aws:iam::700903221803:role/sttf-api-ec2-role",
            "assume_role_policy": "{\"Version\":\"2012-10-17\",\"Statement\":[{\"Effect\":\"Allow\",\"Principal\":{\"Service\":\"ec2.amazonaws.com\"},\"Action\":\"sts:AssumeRole\"}]}",
            "create_date": "2025-09-17T20:46:07Z",
            "description": "",
            "force_detach_policies": false,
            "id": "sttf-api-ec2-role",
            "max_session_duration": 3600,
            "name": "sttf-api-ec2-role",
            "name_prefix": null,
            "path": "/",
            "permissions_boundary": null,
            "tags": {},
            "unique_id": "AROA2GMIWNIV6F3RASJAA"
          },
          "sensitive_attributes": [],
          "identity_schema_version": 0,
          "private": "bnVsbA=="
        }
      ]
    },
    {
      "mode": "managed",
      "type": "aws_iam_role_policy",
      "name": "lambda_custom_policy",
      "provider": "provider[\"registry.terraform.io/hashicorp/aws\"]",
      "instances": [
        {
          "schema_version": 0,
          "attributes": {
            "id": "sttf-lambda-role:sttf-lambda-custom-policy",
            "name": "sttf-lambda-custom-policy",
            "name_prefix": null,
            "policy": "{\"Statement\":[{\"Action\":[\"ec2:SendCommand\",\"ec2:ListCommandInvocations\",\"ssm:SendCommand\",\"ssm:ListCommandInvocations\",\"ssm:DescribeInstanceInformation\",\"ecr:GetAuthorizationToken\",\"ecr:BatchGetImage\",\"ecr:GetDownloadUrlForLayer\"],\"Effect\":\"Allow\",\"Resource\":\"*\"}],\"Version\":\"2012-10-17\"}",
            "role": "sttf-lambda-role"
          },
          "sensitive_attributes": [],
          "identity_schema_version": 0,
          "private": "bnVsbA==",
          "dependencies": [
            "aws_iam_role.lambda_role"
          ]
        }
      ]
    },
    {
      "mode": "managed",
      "type": "aws_iam_role_policy",
      "name": "secrets_manager_policy",
      "provider": "provider[\"registry.terraform.io/hashicorp/aws\"]",
      "instances": [
        {
          "schema_version": 0,
          "attributes": {
            "id": "sttf-api-ec2-role:sttf-secrets-manager-policy",
            "name": "sttf-secrets-manager-policy",
            "name_prefix": null,
            "policy": "{\"Statement\":[{\"Action\":[\"secretsmanager:GetSecretValue\"],\"Effect\":\"Allow\",\"Resource\":[\"arn:aws:secretsmanager:eu-central-1:700903221803:secret:SttfApiStagingContainerSecrets-v2-sapaAc\",\"arn:aws:secretsmanager:eu-central-1:700903221803:secret:SttfApiProdContainerSecrets-v2-VVXEL4\"]}],\"Version\":\"2012-10-17\"}",
            "role": "sttf-api-ec2-role"
          },
          "sensitive_attributes": [],
          "identity_schema_version": 0,
          "private": "bnVsbA==",
          "dependencies": [
            "aws_iam_role.sttf_api_role",
            "aws_secretsmanager_secret.prod_secrets",
            "aws_secretsmanager_secret.staging_secrets"
          ]
        }
      ]
    },
    {
      "mode": "managed",
      "type": "aws_iam_role_policy_attachment",
      "name": "lambda_policy",
      "provider": "provider[\"registry.terraform.io/hashicorp/aws\"]",
      "instances": [
        {
          "schema_version": 0,
          "attributes": {
            "id": "sttf-lambda-role-20250917204609140300000002",
            "policy_arn": "arn:aws:iam::aws:policy/service-role/AWSLambdaBasicExecutionRole",
            "role": "sttf-lambda-role"
          },
          "sensitive_attributes": [],
          "identity_schema_version": 0,
          "private": "bnVsbA==",
          "dependencies": [
            "aws_iam_role.lambda_role"
          ]
        }
      ]
    },
    {
      "mode": "managed",
      "type": "aws_iam_role_policy_attachment",
      "name": "ssm_policy",
      "provider": "provider[\"registry.terraform.io/hashicorp/aws\"]",
      "instances": [
        {
          "schema_version": 0,
          "attributes": {
            "id": "sttf-api-ec2-role-20250917204609142500000003",
            "policy_arn": "arn:aws:iam::aws:policy/AmazonSSMManagedInstanceCore",
            "role": "sttf-api-ec2-role"
          },
          "sensitive_attributes": [],
          "identity_schema_version": 0,
          "private": "bnVsbA==",
          "dependencies": [
            "aws_iam_role.sttf_api_role"
          ]
        }
      ]
    },
    {
      "mode": "managed",
      "type": "aws_iam_role_policy_attachment",
      "name": "sttf_api_ecr_policy",
      "provider": "provider[\"registry.terraform.io/hashicorp/aws\"]",
      "instances": [
        {
          "schema_version": 0,
          "attributes": {
            "id": "sttf-api-ec2-role-20250917204609122600000001",
            "policy_arn": "arn:aws:iam::aws:policy/AmazonEC2ContainerRegistryReadOnly",
            "role": "sttf-api-ec2-role"
          },
          "sensitive_attributes": [],
          "identity_schema_version": 0,
          "private": "bnVsbA==",
          "dependencies": [
            "aws_iam_role.sttf_api_role"
          ]
        }
      ]
    },
    {
      "mode": "managed",
      "type": "aws_instance",
      "name": "bastion",
      "provider": "provider[\"registry.terraform.io/hashicorp/aws\"]",
      "instances": [
        {
          "schema_version": 1,
          "attributes": {
            "ami": "ami-0a88743759c81c37e",
            "arn": "arn:aws:ec2:eu-central-1:700903221803:instance/i-074e44af13d64814f",
            "associate_public_ip_address": true,
            "availability_zone": "eu-central-1a",
            "cpu_core_count": 1,
            "cpu_threads_per_core": 2,
            "credit_specification": [
              {
                "cpu_credits": "unlimited"
              }
            ],
            "disable_api_termination": false,
            "ebs_block_device": [],
            "ebs_optimized": false,
            "ephemeral_block_device": [],
            "get_password_data": false,
            "hibernation": false,
            "host_id": null,
            "iam_instance_profile": "",
            "id": "i-074e44af13d64814f",
            "instance_initiated_shutdown_behavior": null,
            "instance_state": "running",
            "instance_type": "t3.micro",
            "ipv6_address_count": 0,
            "ipv6_addresses": [],
            "key_name": "EC2Staging",
            "metadata_options": [
              {
                "http_endpoint": "enabled",
                "http_put_response_hop_limit": 1,
                "http_tokens": "optional"
              }
            ],
            "monitoring": false,
            "network_interface": [],
            "outpost_arn": "",
            "password_data": "",
            "placement_group": "",
            "primary_network_interface_id": "eni-01432beeb186dffcc",
            "private_dns": "ip-10-0-1-82.eu-central-1.compute.internal",
            "private_ip": "10.0.1.82",
            "public_dns": "ec2-3-77-237-55.eu-central-1.compute.amazonaws.com",
            "public_ip": "3.77.237.55",
            "root_block_device": [
              {
                "delete_on_termination": true,
                "device_name": "/dev/xvda",
                "encrypted": false,
                "iops": 100,
                "kms_key_id": "",
                "volume_id": "vol-0c8aa9e701f6df935",
                "volume_size": 8,
                "volume_type": "gp2"
              }
            ],
            "secondary_private_ips": [],
            "security_groups": [],
            "source_dest_check": true,
            "subnet_id": "subnet-0af4ad97fcf80d645",
            "tags": {
              "Environment": "shared",
              "Name": "sttf-bastion",
              "Project": "sttf-hosting"
            },
            "tenancy": "default",
            "timeouts": null,
            "user_data": null,
            "user_data_base64": null,
            "volume_tags": {},
            "vpc_security_group_ids": [
              "sg-07f227431ae77e485"
            ]
          },
          "sensitive_attributes": [],
          "identity_schema_version": 0,
          "private": "eyJlMmJmYjczMC1lY2FhLTExZTYtOGY4OC0zNDM2M2JjN2M0YzAiOnsiY3JlYXRlIjo2MDAwMDAwMDAwMDAsImRlbGV0ZSI6MTIwMDAwMDAwMDAwMCwidXBkYXRlIjo2MDAwMDAwMDAwMDB9LCJzY2hlbWFfdmVyc2lvbiI6IjEifQ==",
          "dependencies": [
            "aws_security_group.bastion_sg",
            "aws_subnet.sttf_public_subnet_1",
            "aws_vpc.sttf_vpc",
            "data.aws_ami.amazon_linux",
            "data.aws_availability_zones.available"
          ]
        }
      ]
    },
    {
      "mode": "managed",
      "type": "aws_instance",
      "name": "sttf_api_prod",
      "provider": "provider[\"registry.terraform.io/hashicorp/aws\"]",
      "instances": [
        {
          "schema_version": 1,
          "attributes": {
            "ami": "ami-0a88743759c81c37e",
            "arn": "arn:aws:ec2:eu-central-1:700903221803:instance/i-07e10d974523aafef",
            "associate_public_ip_address": false,
            "availability_zone": "eu-central-1b",
            "cpu_core_count": 1,
            "cpu_threads_per_core": 2,
            "credit_specification": [
              {
                "cpu_credits": "unlimited"
              }
            ],
            "disable_api_termination": false,
            "ebs_block_device": [],
            "ebs_optimized": false,
            "ephemeral_block_device": [],
            "get_password_data": false,
            "hibernation": false,
            "host_id": null,
            "iam_instance_profile": "sttf-api-ec2-profile",
            "id": "i-07e10d974523aafef",
            "instance_initiated_shutdown_behavior": null,
            "instance_state": "running",
            "instance_type": "t3.micro",
            "ipv6_address_count": 0,
            "ipv6_addresses": [],
            "key_name": "EC2Staging",
            "metadata_options": [
              {
                "http_endpoint": "enabled",
                "http_put_response_hop_limit": 1,
                "http_tokens": "optional"
              }
            ],
            "monitoring": false,
            "network_interface": [],
            "outpost_arn": "",
            "password_data": "",
            "placement_group": "",
            "primary_network_interface_id": "eni-0cc044f5ed5160786",
            "private_dns": "ip-10-0-20-138.eu-central-1.compute.internal",
            "private_ip": "10.0.20.138",
            "public_dns": "",
            "public_ip": "",
            "root_block_device": [
              {
                "delete_on_termination": true,
                "device_name": "/dev/xvda",
                "encrypted": false,
                "iops": 100,
                "kms_key_id": "",
                "volume_id": "vol-0c350e70c4f0e414e",
                "volume_size": 8,
                "volume_type": "gp2"
              }
            ],
            "secondary_private_ips": [],
            "security_groups": [],
            "source_dest_check": true,
            "subnet_id": "subnet-040e1f123cf86345e",
            "tags": {
              "Environment": "production",
              "Name": "sttf-api-prod",
              "Project": "sttf-hosting"
            },
            "tenancy": "default",
            "timeouts": null,
            "user_data": "0103cf5af1c7e7919aa150460a6ed526dd12bed6",
            "user_data_base64": null,
            "volume_tags": {},
            "vpc_security_group_ids": [
              "sg-05ba51a74c8c23dc9"
            ]
          },
          "sensitive_attributes": [
            [
              {
                "type": "get_attr",
                "value": "user_data"
              }
            ]
          ],
          "identity_schema_version": 0,
          "private": "eyJlMmJmYjczMC1lY2FhLTExZTYtOGY4OC0zNDM2M2JjN2M0YzAiOnsiY3JlYXRlIjo2MDAwMDAwMDAwMDAsImRlbGV0ZSI6MTIwMDAwMDAwMDAwMCwidXBkYXRlIjo2MDAwMDAwMDAwMDB9LCJzY2hlbWFfdmVyc2lvbiI6IjEifQ==",
          "dependencies": [
            "aws_db_instance.sttf_api_prod_db",
            "aws_db_subnet_group.sttf_db_subnet_group",
            "aws_ecr_repository.sttf_api",
            "aws_iam_instance_profile.sttf_api_profile",
            "aws_iam_role.sttf_api_role",
            "aws_security_group.rds_sg",
            "aws_security_group.sttf_alb_sg",
            "aws_security_group.sttf_api_sg",
            "aws_subnet.sttf_private_subnet_1",
            "aws_subnet.sttf_private_subnet_2",
            "aws_vpc.sttf_vpc",
            "data.aws_ami.amazon_linux",
            "data.aws_availability_zones.available"
          ]
        }
      ]
    },
    {
      "mode": "managed",
      "type": "aws_instance",
      "name": "sttf_api_staging",
      "provider": "provider[\"registry.terraform.io/hashicorp/aws\"]",
      "instances": [
        {
          "schema_version": 1,
          "attributes": {
            "ami": "ami-0a88743759c81c37e",
            "arn": "arn:aws:ec2:eu-central-1:700903221803:instance/i-03be9f6bea9629cde",
            "associate_public_ip_address": false,
            "availability_zone": "eu-central-1a",
            "cpu_core_count": 1,
            "cpu_threads_per_core": 2,
            "credit_specification": [
              {
                "cpu_credits": "unlimited"
              }
            ],
            "disable_api_termination": false,
            "ebs_block_device": [],
            "ebs_optimized": false,
            "ephemeral_block_device": [],
            "get_password_data": false,
            "hibernation": false,
            "host_id": null,
            "iam_instance_profile": "sttf-api-ec2-profile",
            "id": "i-03be9f6bea9629cde",
            "instance_initiated_shutdown_behavior": null,
            "instance_state": "running",
            "instance_type": "t3.micro",
            "ipv6_address_count": 0,
            "ipv6_addresses": [],
            "key_name": "EC2Staging",
            "metadata_options": [
              {
                "http_endpoint": "enabled",
                "http_put_response_hop_limit": 1,
                "http_tokens": "optional"
              }
            ],
            "monitoring": false,
            "network_interface": [],
            "outpost_arn": "",
            "password_data": "",
            "placement_group": "",
            "primary_network_interface_id": "eni-0704d8ba8ce2056df",
            "private_dns": "ip-10-0-10-90.eu-central-1.compute.internal",
            "private_ip": "10.0.10.90",
            "public_dns": "",
            "public_ip": "",
            "root_block_device": [
              {
                "delete_on_termination": true,
                "device_name": "/dev/xvda",
                "encrypted": false,
                "iops": 100,
                "kms_key_id": "",
                "volume_id": "vol-082eeb649780dc702",
                "volume_size": 8,
                "volume_type": "gp2"
              }
            ],
            "secondary_private_ips": [],
            "security_groups": [],
            "source_dest_check": true,
            "subnet_id": "subnet-0ba15edf7b957e6c4",
            "tags": {
              "Environment": "staging",
              "Name": "sttf-api-staging",
              "Project": "sttf-hosting"
            },
            "tenancy": "default",
            "timeouts": null,
            "user_data": "2eba89cb2fc06ed2a5e846eed555d5d0a2854fe7",
            "user_data_base64": null,
            "volume_tags": {},
            "vpc_security_group_ids": [
              "sg-05ba51a74c8c23dc9"
            ]
          },
          "sensitive_attributes": [
            [
              {
                "type": "get_attr",
                "value": "user_data"
              }
            ]
          ],
          "identity_schema_version": 0,
          "private": "eyJlMmJmYjczMC1lY2FhLTExZTYtOGY4OC0zNDM2M2JjN2M0YzAiOnsiY3JlYXRlIjo2MDAwMDAwMDAwMDAsImRlbGV0ZSI6MTIwMDAwMDAwMDAwMCwidXBkYXRlIjo2MDAwMDAwMDAwMDB9LCJzY2hlbWFfdmVyc2lvbiI6IjEifQ==",
          "dependencies": [
            "aws_db_instance.sttf_api_staging_db",
            "aws_db_subnet_group.sttf_db_subnet_group",
            "aws_ecr_repository.sttf_api",
            "aws_iam_instance_profile.sttf_api_profile",
            "aws_iam_role.sttf_api_role",
            "aws_security_group.rds_sg",
            "aws_security_group.sttf_alb_sg",
            "aws_security_group.sttf_api_sg",
            "aws_subnet.sttf_private_subnet_1",
            "aws_subnet.sttf_private_subnet_2",
            "aws_vpc.sttf_vpc",
            "data.aws_ami.amazon_linux",
            "data.aws_availability_zones.available"
          ]
        }
      ]
    },
    {
      "mode": "managed",
      "type": "aws_internet_gateway",
      "name": "sttf_igw",
      "provider": "provider[\"registry.terraform.io/hashicorp/aws\"]",
      "instances": [
        {
          "schema_version": 0,
          "attributes": {
            "arn": "arn:aws:ec2:eu-central-1:700903221803:internet-gateway/igw-0ef1249ec9dc6f82c",
            "id": "igw-0ef1249ec9dc6f82c",
            "owner_id": "700903221803",
            "tags": {
              "Environment": "shared",
              "Name": "sttf-igw",
              "Project": "sttf-hosting"
            },
            "vpc_id": "vpc-0c0a2f9dbac9d5707"
          },
          "sensitive_attributes": [],
          "identity_schema_version": 0,
          "private": "bnVsbA==",
          "dependencies": [
            "aws_vpc.sttf_vpc"
          ]
        }
      ]
    },
    {
      "mode": "managed",
      "type": "aws_lambda_function",
      "name": "deploy_function",
      "provider": "provider[\"registry.terraform.io/hashicorp/aws\"]",
      "instances": [
        {
          "schema_version": 0,
          "attributes": {
            "arn": "arn:aws:lambda:eu-central-1:700903221803:function:sttf-deploy-function",
            "dead_letter_config": [],
            "description": "",
            "environment": [
              {
                "variables": {
                  "DEPLOYMENT_REGION": "eu-central-1",
                  "ECR_REPOSITORY_URL": "700903221803.dkr.ecr.eu-central-1.amazonaws.com/sttf-api",
                  "PROD_INSTANCE_ID": "i-07e10d974523aafef",
                  "STAGING_INSTANCE_ID": "i-03be9f6bea9629cde"
                }
              }
            ],
            "file_system_config": [],
            "filename": "deploy_lambda.zip",
            "function_name": "sttf-deploy-function",
            "handler": "index.handler",
            "id": "sttf-deploy-function",
            "invoke_arn": "arn:aws:apigateway:eu-central-1:lambda:path/2015-03-31/functions/arn:aws:lambda:eu-central-1:700903221803:function:sttf-deploy-function/invocations",
            "kms_key_arn": "",
            "last_modified": "2025-09-17T21:29:21.227+0000",
            "layers": [],
            "memory_size": 128,
            "publish": false,
            "qualified_arn": "arn:aws:lambda:eu-central-1:700903221803:function:sttf-deploy-function:$LATEST",
            "reserved_concurrent_executions": -1,
            "role": "arn:aws:iam::700903221803:role/sttf-lambda-role",
            "runtime": "python3.8",
            "s3_bucket": null,
            "s3_key": null,
            "s3_object_version": null,
            "source_code_hash": "c7rlGYUtA3KRnQ+CO6ggcVaRVnSoBqSWB7YFNtx82Qc=",
            "source_code_size": 1748,
            "tags": {},
            "timeout": 300,
            "timeouts": null,
            "tracing_config": [
              {
                "mode": "PassThrough"
              }
            ],
            "version": "$LATEST",
            "vpc_config": []
          },
          "sensitive_attributes": [],
          "identity_schema_version": 0,
          "private": "eyJlMmJmYjczMC1lY2FhLTExZTYtOGY4OC0zNDM2M2JjN2M0YzAiOnsiY3JlYXRlIjo2MDAwMDAwMDAwMDB9fQ==",
          "dependencies": [
            "aws_db_instance.sttf_api_prod_db",
            "aws_db_instance.sttf_api_staging_db",
            "aws_db_subnet_group.sttf_db_subnet_group",
            "aws_ecr_repository.sttf_api",
            "aws_iam_instance_profile.sttf_api_profile",
            "aws_iam_role.lambda_role",
            "aws_iam_role.sttf_api_role",
            "aws_iam_role_policy_attachment.lambda_policy",
            "aws_instance.sttf_api_prod",
            "aws_instance.sttf_api_staging",
            "aws_security_group.rds_sg",
            "aws_security_group.sttf_alb_sg",
            "aws_security_group.sttf_api_sg",
            "aws_subnet.sttf_private_subnet_1",
            "aws_subnet.sttf_private_subnet_2",
            "aws_vpc.sttf_vpc",
            "data.archive_file.lambda_zip",
            "data.aws_ami.amazon_linux",
            "data.aws_availability_zones.available"
          ]
        }
      ]
    },
    {
      "mode": "managed",
      "type": "aws_lambda_permission",
      "name": "allow_eventbridge",
      "provider": "provider[\"registry.terraform.io/hashicorp/aws\"]",
      "instances": [
        {
          "schema_version": 0,
          "attributes": {
            "action": "lambda:InvokeFunction",
            "event_source_token": null,
            "function_name": "sttf-deploy-function",
            "id": "AllowExecutionFromEventBridge",
            "principal": "events.amazonaws.com",
            "qualifier": "",
            "source_account": null,
            "source_arn": "arn:aws:events:eu-central-1:700903221803:rule/sttf-ecr-push-rule",
            "statement_id": "AllowExecutionFromEventBridge",
            "statement_id_prefix": null
          },
          "sensitive_attributes": [],
          "identity_schema_version": 0,
          "private": "bnVsbA==",
          "dependencies": [
            "aws_cloudwatch_event_rule.ecr_push_rule",
            "aws_db_instance.sttf_api_prod_db",
            "aws_db_instance.sttf_api_staging_db",
            "aws_db_subnet_group.sttf_db_subnet_group",
            "aws_ecr_repository.sttf_api",
            "aws_iam_instance_profile.sttf_api_profile",
            "aws_iam_role.lambda_role",
            "aws_iam_role.sttf_api_role",
            "aws_iam_role_policy_attachment.lambda_policy",
            "aws_instance.sttf_api_prod",
            "aws_instance.sttf_api_staging",
            "aws_lambda_function.deploy_function",
            "aws_security_group.rds_sg",
            "aws_security_group.sttf_alb_sg",
            "aws_security_group.sttf_api_sg",
            "aws_subnet.sttf_private_subnet_1",
            "aws_subnet.sttf_private_subnet_2",
            "aws_vpc.sttf_vpc",
            "data.archive_file.lambda_zip",
            "data.aws_ami.amazon_linux",
            "data.aws_availability_zones.available"
          ]
        }
      ]
    },
    {
      "mode": "managed",
      "type": "aws_lb",
      "name": "sttf_prod_alb",
      "provider": "provider[\"registry.terraform.io/hashicorp/aws\"]",
      "instances": [
        {
          "schema_version": 0,
          "attributes": {
            "access_logs": [
              {
                "bucket": "",
                "enabled": false,
                "prefix": ""
              }
            ],
            "arn": "arn:aws:elasticloadbalancing:eu-central-1:700903221803:loadbalancer/app/sttf-prod-alb/7445f7505cc28703",
            "arn_suffix": "app/sttf-prod-alb/7445f7505cc28703",
            "dns_name": "sttf-prod-alb-1147555780.eu-central-1.elb.amazonaws.com",
            "drop_invalid_header_fields": false,
            "enable_cross_zone_load_balancing": true,
            "enable_deletion_protection": false,
            "enable_http2": true,
            "id": "arn:aws:elasticloadbalancing:eu-central-1:700903221803:loadbalancer/app/sttf-prod-alb/7445f7505cc28703",
            "idle_timeout": 60,
            "internal": false,
            "ip_address_type": "ipv4",
            "load_balancer_type": "application",
            "name": "sttf-prod-alb",
            "name_prefix": null,
            "security_groups": [
              "sg-03e9a1194f5a377e7"
            ],
            "subnet_mapping": [
              {
                "allocation_id": "",
                "private_ipv4_address": "",
                "subnet_id": "subnet-029f731e84845be84"
              },
              {
                "allocation_id": "",
                "private_ipv4_address": "",
                "subnet_id": "subnet-0af4ad97fcf80d645"
              }
            ],
            "subnets": [
              "subnet-029f731e84845be84",
              "subnet-0af4ad97fcf80d645"
            ],
            "tags": {
              "Environment": "production",
              "Name": "sttf-prod-alb",
              "Project": "sttf-hosting"
            },
            "timeouts": null,
            "vpc_id": "vpc-0c0a2f9dbac9d5707",
            "zone_id": "Z215JYRZR1TBD5"
          },
          "sensitive_attributes": [],
          "identity_schema_version": 0,
          "private": "eyJlMmJmYjczMC1lY2FhLTExZTYtOGY4OC0zNDM2M2JjN2M0YzAiOnsiY3JlYXRlIjo2MDAwMDAwMDAwMDAsImRlbGV0ZSI6NjAwMDAwMDAwMDAwLCJ1cGRhdGUiOjYwMDAwMDAwMDAwMH19",
          "dependencies": [
            "aws_security_group.sttf_alb_sg",
            "aws_subnet.sttf_public_subnet_1",
            "aws_subnet.sttf_public_subnet_2",
            "aws_vpc.sttf_vpc",
            "data.aws_availability_zones.available"
          ]
        }
      ]
    },
    {
      "mode": "managed",
      "type": "aws_lb",
      "name": "sttf_staging_alb",
      "provider": "provider[\"registry.terraform.io/hashicorp/aws\"]",
      "instances": [
        {
          "schema_version": 0,
          "attributes": {
            "access_logs": [
              {
                "bucket": "",
                "enabled": false,
                "prefix": ""
              }
            ],
            "arn": "arn:aws:elasticloadbalancing:eu-central-1:700903221803:loadbalancer/app/sttf-staging-alb/f0ea137961c556fe",
            "arn_suffix": "app/sttf-staging-alb/f0ea137961c556fe",
            "dns_name": "sttf-staging-alb-283741733.eu-central-1.elb.amazonaws.com",
            "drop_invalid_header_fields": false,
            "enable_cross_zone_load_balancing": true,
            "enable_deletion_protection": false,
            "enable_http2": true,
            "id": "arn:aws:elasticloadbalancing:eu-central-1:700903221803:loadbalancer/app/sttf-staging-alb/f0ea137961c556fe",
            "idle_timeout": 60,
            "internal": false,
            "ip_address_type": "ipv4",
            "load_balancer_type": "application",
            "name": "sttf-staging-alb",
            "name_prefix": null,
            "security_groups": [
              "sg-03e9a1194f5a377e7"
            ],
            "subnet_mapping": [
              {
                "allocation_id": "",
                "private_ipv4_address": "",
                "subnet_id": "subnet-029f731e84845be84"
              },
              {
                "allocation_id": "",
                "private_ipv4_address": "",
                "subnet_id": "subnet-0af4ad97fcf80d645"
              }
            ],
            "subnets": [
              "subnet-029f731e84845be84",
              "subnet-0af4ad97fcf80d645"
            ],
            "tags": {
              "Environment": "staging",
              "Name": "sttf-staging-alb",
              "Project": "sttf-hosting"
            },
            "timeouts": null,
            "vpc_id": "vpc-0c0a2f9dbac9d5707",
            "zone_id": "Z215JYRZR1TBD5"
          },
          "sensitive_attributes": [],
          "identity_schema_version": 0,
          "private": "eyJlMmJmYjczMC1lY2FhLTExZTYtOGY4OC0zNDM2M2JjN2M0YzAiOnsiY3JlYXRlIjo2MDAwMDAwMDAwMDAsImRlbGV0ZSI6NjAwMDAwMDAwMDAwLCJ1cGRhdGUiOjYwMDAwMDAwMDAwMH19",
          "dependencies": [
            "aws_security_group.sttf_alb_sg",
            "aws_subnet.sttf_public_subnet_1",
            "aws_subnet.sttf_public_subnet_2",
            "aws_vpc.sttf_vpc",
            "data.aws_availability_zones.available"
          ]
        }
      ]
    },
    {
      "mode": "managed",
      "type": "aws_lb_listener",
      "name": "sttf_prod_http_listener",
      "provider": "provider[\"registry.terraform.io/hashicorp/aws\"]",
      "instances": [
        {
          "schema_version": 0,
          "attributes": {
            "arn": "arn:aws:elasticloadbalancing:eu-central-1:700903221803:listener/app/sttf-prod-alb/7445f7505cc28703/38f28545001d142a",
            "certificate_arn": null,
            "default_action": [
              {
                "authenticate_cognito": [],
                "authenticate_oidc": [],
                "fixed_response": [],
                "forward": [],
                "order": 1,
                "redirect": [],
                "target_group_arn": "arn:aws:elasticloadbalancing:eu-central-1:700903221803:targetgroup/sttf-prod-tg/275fd4f4be496cb4",
                "type": "forward"
              }
            ],
            "id": "arn:aws:elasticloadbalancing:eu-central-1:700903221803:listener/app/sttf-prod-alb/7445f7505cc28703/38f28545001d142a",
            "load_balancer_arn": "arn:aws:elasticloadbalancing:eu-central-1:700903221803:loadbalancer/app/sttf-prod-alb/7445f7505cc28703",
            "port": 80,
            "protocol": "HTTP",
            "ssl_policy": "",
            "timeouts": null
          },
          "sensitive_attributes": [],
          "identity_schema_version": 0,
          "private": "eyJlMmJmYjczMC1lY2FhLTExZTYtOGY4OC0zNDM2M2JjN2M0YzAiOnsicmVhZCI6NjAwMDAwMDAwMDAwfX0=",
          "dependencies": [
            "aws_lb.sttf_prod_alb",
            "aws_lb_target_group.sttf_prod_tg",
            "aws_security_group.sttf_alb_sg",
            "aws_subnet.sttf_public_subnet_1",
            "aws_subnet.sttf_public_subnet_2",
            "aws_vpc.sttf_vpc",
            "data.aws_availability_zones.available"
          ]
        }
      ]
    },
    {
      "mode": "managed",
      "type": "aws_lb_listener",
      "name": "sttf_staging_http_listener",
      "provider": "provider[\"registry.terraform.io/hashicorp/aws\"]",
      "instances": [
        {
          "schema_version": 0,
          "attributes": {
            "arn": "arn:aws:elasticloadbalancing:eu-central-1:700903221803:listener/app/sttf-staging-alb/f0ea137961c556fe/e82eec2812601fab",
            "certificate_arn": null,
            "default_action": [
              {
                "authenticate_cognito": [],
                "authenticate_oidc": [],
                "fixed_response": [],
                "forward": [],
                "order": 1,
                "redirect": [],
                "target_group_arn": "arn:aws:elasticloadbalancing:eu-central-1:700903221803:targetgroup/sttf-staging-tg/27fed25282059f3a",
                "type": "forward"
              }
            ],
            "id": "arn:aws:elasticloadbalancing:eu-central-1:700903221803:listener/app/sttf-staging-alb/f0ea137961c556fe/e82eec2812601fab",
            "load_balancer_arn": "arn:aws:elasticloadbalancing:eu-central-1:700903221803:loadbalancer/app/sttf-staging-alb/f0ea137961c556fe",
            "port": 80,
            "protocol": "HTTP",
            "ssl_policy": "",
            "timeouts": null
          },
          "sensitive_attributes": [],
          "identity_schema_version": 0,
          "private": "eyJlMmJmYjczMC1lY2FhLTExZTYtOGY4OC0zNDM2M2JjN2M0YzAiOnsicmVhZCI6NjAwMDAwMDAwMDAwfX0=",
          "dependencies": [
            "aws_lb.sttf_staging_alb",
            "aws_lb_target_group.sttf_staging_tg",
            "aws_security_group.sttf_alb_sg",
            "aws_subnet.sttf_public_subnet_1",
            "aws_subnet.sttf_public_subnet_2",
            "aws_vpc.sttf_vpc",
            "data.aws_availability_zones.available"
          ]
        }
      ]
    },
    {
      "mode": "managed",
      "type": "aws_lb_target_group",
      "name": "sttf_prod_tg",
      "provider": "provider[\"registry.terraform.io/hashicorp/aws\"]",
      "instances": [
        {
          "schema_version": 0,
          "attributes": {
            "arn": "arn:aws:elasticloadbalancing:eu-central-1:700903221803:targetgroup/sttf-prod-tg/275fd4f4be496cb4",
            "arn_suffix": "targetgroup/sttf-prod-tg/275fd4f4be496cb4",
            "deregistration_delay": 300,
            "health_check": [
              {
                "enabled": true,
                "healthy_threshold": 2,
                "interval": 30,
                "matcher": "200",
                "path": "/health",
                "port": "traffic-port",
                "protocol": "HTTP",
                "timeout": 5,
                "unhealthy_threshold": 2
              }
            ],
            "id": "arn:aws:elasticloadbalancing:eu-central-1:700903221803:targetgroup/sttf-prod-tg/275fd4f4be496cb4",
            "lambda_multi_value_headers_enabled": false,
            "load_balancing_algorithm_type": "round_robin",
            "name": "sttf-prod-tg",
            "name_prefix": null,
            "port": 5000,
            "protocol": "HTTP",
            "proxy_protocol_v2": false,
            "slow_start": 0,
            "stickiness": [
              {
                "cookie_duration": 86400,
                "enabled": false,
                "type": "lb_cookie"
              }
            ],
            "tags": {
              "Environment": "production",
              "Name": "sttf-prod-tg",
              "Project": "sttf-hosting"
            },
            "target_type": "instance",
            "vpc_id": "vpc-0c0a2f9dbac9d5707"
          },
          "sensitive_attributes": [],
          "identity_schema_version": 0,
          "private": "bnVsbA==",
          "dependencies": [
            "aws_vpc.sttf_vpc"
          ]
        }
      ]
    },
    {
      "mode": "managed",
      "type": "aws_lb_target_group",
      "name": "sttf_staging_tg",
      "provider": "provider[\"registry.terraform.io/hashicorp/aws\"]",
      "instances": [
        {
          "schema_version": 0,
          "attributes": {
            "arn": "arn:aws:elasticloadbalancing:eu-central-1:700903221803:targetgroup/sttf-staging-tg/27fed25282059f3a",
            "arn_suffix": "targetgroup/sttf-staging-tg/27fed25282059f3a",
            "deregistration_delay": 300,
            "health_check": [
              {
                "enabled": true,
                "healthy_threshold": 2,
                "interval": 30,
                "matcher": "200",
                "path": "/health",
                "port": "traffic-port",
                "protocol": "HTTP",
                "timeout": 5,
                "unhealthy_threshold": 2
              }
            ],
            "id": "arn:aws:elasticloadbalancing:eu-central-1:700903221803:targetgroup/sttf-staging-tg/27fed25282059f3a",
            "lambda_multi_value_headers_enabled": false,
            "load_balancing_algorithm_type": "round_robin",
            "name": "sttf-staging-tg",
            "name_prefix": null,
            "port": 5000,
            "protocol": "HTTP",
            "proxy_protocol_v2": false,
            "slow_start": 0,
            "stickiness": [
              {
                "cookie_duration": 86400,
                "enabled": false,
                "type": "lb_cookie"
              }
            ],
            "tags": {
              "Environment": "staging",
              "Name": "sttf-staging-tg",
              "Project": "sttf-hosting"
            },
            "target_type": "instance",
            "vpc_id": "vpc-0c0a2f9dbac9d5707"
          },
          "sensitive_attributes": [],
          "identity_schema_version": 0,
          "private": "bnVsbA==",
          "dependencies": [
            "aws_vpc.sttf_vpc"
          ]
        }
      ]
    },
    {
      "mode": "managed",
      "type": "aws_lb_target_group_attachment",
      "name": "sttf_prod_tga",
      "provider": "provider[\"registry.terraform.io/hashicorp/aws\"]",
      "instances": [
        {
          "schema_version": 0,
          "attributes": {
            "availability_zone": null,
            "id": "arn:aws:elasticloadbalancing:eu-central-1:700903221803:targetgroup/sttf-prod-tg/275fd4f4be496cb4-20250917212921304600000002",
            "port": 5000,
            "target_group_arn": "arn:aws:elasticloadbalancing:eu-central-1:700903221803:targetgroup/sttf-prod-tg/275fd4f4be496cb4",
            "target_id": "i-07e10d974523aafef"
          },
          "sensitive_attributes": [],
          "identity_schema_version": 0,
          "private": "bnVsbA==",
          "dependencies": [
            "aws_db_instance.sttf_api_prod_db",
            "aws_db_subnet_group.sttf_db_subnet_group",
            "aws_ecr_repository.sttf_api",
            "aws_iam_instance_profile.sttf_api_profile",
            "aws_iam_role.sttf_api_role",
            "aws_instance.sttf_api_prod",
            "aws_lb_target_group.sttf_prod_tg",
            "aws_security_group.rds_sg",
            "aws_security_group.sttf_alb_sg",
            "aws_security_group.sttf_api_sg",
            "aws_subnet.sttf_private_subnet_1",
            "aws_subnet.sttf_private_subnet_2",
            "aws_vpc.sttf_vpc",
            "data.aws_ami.amazon_linux",
            "data.aws_availability_zones.available"
          ]
        }
      ]
    },
    {
      "mode": "managed",
      "type": "aws_lb_target_group_attachment",
      "name": "sttf_staging_tga",
      "provider": "provider[\"registry.terraform.io/hashicorp/aws\"]",
      "instances": [
        {
          "schema_version": 0,
          "attributes": {
            "availability_zone": null,
            "id": "arn:aws:elasticloadbalancing:eu-central-1:700903221803:targetgroup/sttf-staging-tg/27fed25282059f3a-20250917212920605000000001",
            "port": 5000,
            "target_group_arn": "arn:aws:elasticloadbalancing:eu-central-1:700903221803:targetgroup/sttf-staging-tg/27fed25282059f3a",
            "target_id": "i-03be9f6bea9629cde"
          },
          "sensitive_attributes": [],
          "identity_schema_version": 0,
          "private": "bnVsbA==",
          "dependencies": [
            "aws_db_instance.sttf_api_staging_db",
            "aws_db_subnet_group.sttf_db_subnet_group",
            "aws_ecr_repository.sttf_api",
            "aws_iam_instance_profile.sttf_api_profile",
            "aws_iam_role.sttf_api_role",
            "aws_instance.sttf_api_staging",
            "aws_lb_target_group.sttf_staging_tg",
            "aws_security_group.rds_sg",
            "aws_security_group.sttf_alb_sg",
            "aws_security_group.sttf_api_sg",
            "aws_subnet.sttf_private_subnet_1",
            "aws_subnet.sttf_private_subnet_2",
            "aws_vpc.sttf_vpc",
            "data.aws_ami.amazon_linux",
            "data.aws_availability_zones.available"
          ]
        }
      ]
    },
    {
      "mode": "managed",
      "type": "aws_nat_gateway",
      "name": "sttf_nat_gw",
      "provider": "provider[\"registry.terraform.io/hashicorp/aws\"]",
      "instances": [
        {
          "schema_version": 0,
          "attributes": {
            "allocation_id": "eipalloc-08e3ac82ea7aa19fa",
            "id": "nat-0ef1be5abbf803508",
            "network_interface_id": "eni-0049f256f19ac3f66",
            "private_ip": "10.0.1.92",
            "public_ip": "18.198.115.97",
            "subnet_id": "subnet-0af4ad97fcf80d645",
            "tags": {
              "Environment": "shared",
              "Name": "sttf-nat-gw",
              "Project": "sttf-hosting"
            }
          },
          "sensitive_attributes": [],
          "identity_schema_version": 0,
          "private": "bnVsbA==",
          "dependencies": [
            "aws_eip.sttf_nat_eip",
            "aws_internet_gateway.sttf_igw",
            "aws_subnet.sttf_public_subnet_1",
            "aws_vpc.sttf_vpc",
            "data.aws_availability_zones.available"
          ]
        }
      ]
    },
    {
      "mode": "managed",
      "type": "aws_route_table",
      "name": "sttf_private_rt",
      "provider": "provider[\"registry.terraform.io/hashicorp/aws\"]",
      "instances": [
        {
          "schema_version": 0,
          "attributes": {
            "id": "rtb-062698342469c51dd",
            "owner_id": "700903221803",
            "propagating_vgws": [],
            "route": [
              {
                "cidr_block": "0.0.0.0/0",
                "egress_only_gateway_id": "",
                "gateway_id": "",
                "instance_id": "",
                "ipv6_cidr_block": "",
                "local_gateway_id": "",
                "nat_gateway_id": "nat-0ef1be5abbf803508",
                "network_interface_id": "",
                "transit_gateway_id": "",
                "vpc_peering_connection_id": ""
              }
            ],
            "tags": {
              "Environment": "shared",
              "Name": "sttf-private-rt",
              "Project": "sttf-hosting"
            },
            "vpc_id": "vpc-0c0a2f9dbac9d5707"
          },
          "sensitive_attributes": [],
          "identity_schema_version": 0,
          "private": "bnVsbA==",
          "dependencies": [
            "aws_eip.sttf_nat_eip",
            "aws_internet_gateway.sttf_igw",
            "aws_nat_gateway.sttf_nat_gw",
            "aws_subnet.sttf_public_subnet_1",
            "aws_vpc.sttf_vpc",
            "data.aws_availability_zones.available"
          ]
        }
      ]
    },
    {
      "mode": "managed",
      "type": "aws_route_table",
      "name": "sttf_public_rt",
      "provider": "provider[\"registry.terraform.io/hashicorp/aws\"]",
      "instances": [
        {
          "schema_version": 0,
          "attributes": {
            "id": "rtb-052818e91b3dec371",
            "owner_id": "700903221803",
            "propagating_vgws": [],
            "route": [
              {
                "cidr_block": "0.0.0.0/0",
                "egress_only_gateway_id": "",
                "gateway_id": "igw-0ef1249ec9dc6f82c",
                "instance_id": "",
                "ipv6_cidr_block": "",
                "local_gateway_id": "",
                "nat_gateway_id": "",
                "network_interface_id": "",
                "transit_gateway_id": "",
                "vpc_peering_connection_id": ""
              }
            ],
            "tags": {
              "Environment": "shared",
              "Name": "sttf-public-rt",
              "Project": "sttf-hosting"
            },
            "vpc_id": "vpc-0c0a2f9dbac9d5707"
          },
          "sensitive_attributes": [],
          "identity_schema_version": 0,
          "private": "bnVsbA==",
          "dependencies": [
            "aws_internet_gateway.sttf_igw",
            "aws_vpc.sttf_vpc"
          ]
        }
      ]
    },
    {
      "mode": "managed",
      "type": "aws_route_table_association",
      "name": "sttf_private_rta_1",
      "provider": "provider[\"registry.terraform.io/hashicorp/aws\"]",
      "instances": [
        {
          "schema_version": 0,
          "attributes": {
            "gateway_id": null,
            "id": "rtbassoc-0e12b717173652427",
            "route_table_id": "rtb-062698342469c51dd",
            "subnet_id": "subnet-0ba15edf7b957e6c4"
          },
          "sensitive_attributes": [],
          "identity_schema_version": 0,
          "private": "bnVsbA==",
          "dependencies": [
            "aws_eip.sttf_nat_eip",
            "aws_internet_gateway.sttf_igw",
            "aws_nat_gateway.sttf_nat_gw",
            "aws_route_table.sttf_private_rt",
            "aws_subnet.sttf_private_subnet_1",
            "aws_subnet.sttf_public_subnet_1",
            "aws_vpc.sttf_vpc",
            "data.aws_availability_zones.available"
          ]
        }
      ]
    },
    {
      "mode": "managed",
      "type": "aws_route_table_association",
      "name": "sttf_private_rta_2",
      "provider": "provider[\"registry.terraform.io/hashicorp/aws\"]",
      "instances": [
        {
          "schema_version": 0,
          "attributes": {
            "gateway_id": null,
            "id": "rtbassoc-0caa18fdce269c808",
            "route_table_id": "rtb-062698342469c51dd",
            "subnet_id": "subnet-040e1f123cf86345e"
          },
          "sensitive_attributes": [],
          "identity_schema_version": 0,
          "private": "bnVsbA==",
          "dependencies": [
            "aws_eip.sttf_nat_eip",
            "aws_internet_gateway.sttf_igw",
            "aws_nat_gateway.sttf_nat_gw",
            "aws_route_table.sttf_private_rt",
            "aws_subnet.sttf_private_subnet_2",
            "aws_subnet.sttf_public_subnet_1",
            "aws_vpc.sttf_vpc",
            "data.aws_availability_zones.available"
          ]
        }
      ]
    },
    {
      "mode": "managed",
      "type": "aws_route_table_association",
      "name": "sttf_public_rta_1",
      "provider": "provider[\"registry.terraform.io/hashicorp/aws\"]",
      "instances": [
        {
          "schema_version": 0,
          "attributes": {
            "gateway_id": null,
            "id": "rtbassoc-0717c62669c46d5a9",
            "route_table_id": "rtb-052818e91b3dec371",
            "subnet_id": "subnet-0af4ad97fcf80d645"
          },
          "sensitive_attributes": [],
          "identity_schema_version": 0,
          "private": "bnVsbA==",
          "dependencies": [
            "aws_internet_gateway.sttf_igw",
            "aws_route_table.sttf_public_rt",
            "aws_subnet.sttf_public_subnet_1",
            "aws_vpc.sttf_vpc",
            "data.aws_availability_zones.available"
          ]
        }
      ]
    },
    {
      "mode": "managed",
      "type": "aws_route_table_association",
      "name": "sttf_public_rta_2",
      "provider": "provider[\"registry.terraform.io/hashicorp/aws\"]",
      "instances": [
        {
          "schema_version": 0,
          "attributes": {
            "gateway_id": null,
            "id": "rtbassoc-0d9b209f54bb05022",
            "route_table_id": "rtb-052818e91b3dec371",
            "subnet_id": "subnet-029f731e84845be84"
          },
          "sensitive_attributes": [],
          "identity_schema_version": 0,
          "private": "bnVsbA==",
          "dependencies": [
            "aws_internet_gateway.sttf_igw",
            "aws_route_table.sttf_public_rt",
            "aws_subnet.sttf_public_subnet_2",
            "aws_vpc.sttf_vpc",
            "data.aws_availability_zones.available"
          ]
        }
      ]
    },
    {
      "mode": "managed",
      "type": "aws_secretsmanager_secret",
      "name": "prod_secrets",
      "provider": "provider[\"registry.terraform.io/hashicorp/aws\"]",
      "instances": [
        {
          "schema_version": 0,
          "attributes": {
            "arn": "arn:aws:secretsmanager:eu-central-1:700903221803:secret:SttfApiProdContainerSecrets-v2-VVXEL4",
            "description": "Environment variables for STTF backend production container",
            "id": "arn:aws:secretsmanager:eu-central-1:700903221803:secret:SttfApiProdContainerSecrets-v2-VVXEL4",
            "kms_key_id": "",
            "name": "SttfApiProdContainerSecrets-v2",
            "name_prefix": null,
            "policy": null,
            "recovery_window_in_days": 7,
            "rotation_enabled": false,
            "rotation_lambda_arn": "",
            "rotation_rules": [],
            "tags": {
              "Environment": "production",
              "Name": "sttf-backend-prod-secrets",
              "Project": "sttf-hosting"
            }
          },
          "sensitive_attributes": [],
          "identity_schema_version": 0,
          "private": "bnVsbA=="
        }
      ]
    },
    {
      "mode": "managed",
      "type": "aws_secretsmanager_secret",
      "name": "staging_secrets",
      "provider": "provider[\"registry.terraform.io/hashicorp/aws\"]",
      "instances": [
        {
          "schema_version": 0,
          "attributes": {
            "arn": "arn:aws:secretsmanager:eu-central-1:700903221803:secret:SttfApiStagingContainerSecrets-v2-sapaAc",
            "description": "Environment variables for STTF backend staging container",
            "id": "arn:aws:secretsmanager:eu-central-1:700903221803:secret:SttfApiStagingContainerSecrets-v2-sapaAc",
            "kms_key_id": "",
            "name": "SttfApiStagingContainerSecrets-v2",
            "name_prefix": null,
            "policy": null,
            "recovery_window_in_days": 7,
            "rotation_enabled": false,
            "rotation_lambda_arn": "",
            "rotation_rules": [],
            "tags": {
              "Environment": "staging",
              "Name": "sttf-backend-staging-secrets",
              "Project": "sttf-hosting"
            }
          },
          "sensitive_attributes": [],
          "identity_schema_version": 0,
          "private": "bnVsbA=="
        }
      ]
    },
    {
      "mode": "managed",
      "type": "aws_secretsmanager_secret_version",
      "name": "prod_secrets",
      "provider": "provider[\"registry.terraform.io/hashicorp/aws\"]",
      "instances": [
        {
          "schema_version": 0,
          "attributes": {
            "arn": "arn:aws:secretsmanager:eu-central-1:700903221803:secret:SttfApiProdContainerSecrets-v2-VVXEL4",
            "id": "arn:aws:secretsmanager:eu-central-1:700903221803:secret:SttfApiProdContainerSecrets-v2-VVXEL4|BEDE4E6B-48C5-49D6-A107-6441AAA387EA",
            "secret_binary": "",
            "secret_id": "arn:aws:secretsmanager:eu-central-1:700903221803:secret:SttfApiProdContainerSecrets-v2-VVXEL4",
            "secret_string": "{\"APP_PORT\":\"5000\",\"ENCRYPTION_KEY\":\"WKYYd2V73IGT3PaWZfW0n61vrxjFve1H\",\"ENVIRONMENT\":\"production\",\"FIREBASE_API_KEY\":\"AIzaSyDOn2ZeQLgi9QvpNsF6cn3Boc4WTBsF-bY\",\"FIREBASE_APP_ID\":\"1:407693041843:web:ae756614a2cd8a5f1190c6\",\"FIREBASE_AUTH_DOMAIN\":\"sttf-beefc.firebaseapp.com\",\"FIREBASE_CLIENT_EMAIL\":\"firebase-adminsdk-fbsvc@sttf-beefc.iam.gserviceaccount.com\",\"FIREBASE_MESSAGING_SENDER_ID\":\"407693041843\",\"FIREBASE_PRIVATE_KEY\":\"\\\"-----BEGIN PRIVATE KEY-----\\\\nMIIEvQIBADANBgkqhkiG9w0BAQEFAASCBKcwggSjAgEAAoIBAQCk4DvSM+DKHfSM\\\\nZB3LFIl7qKvN0ErfBaW9oS2dwbC3Xg4TXvZ3KGX74DckOnf0O5YiPRjajCs+HXlJ\\\\nLELZCb+bogNdC2C0Xw02Vxp7t+esRsW1z/alcKGLXNq39MHHz4uSUPDr1N2CY2tZ\\\\nh5IcIXmkc5sRFjgHuxBHw+hUuVfM31od7N7Wjvlvwma9JsZj34AWDTT0rnpRBc7s\\\\nCyRhnjTxRKh5hrvt9TOrBhDP/g5D3286CEd//4iieSMU4YJRlSEPoZ6rUdXeJN9j\\\\n/PDyOcvP9wXrZPIUkq030zZ0cX3p9X1a/Cx7UEWbazLO5iHeNkZEdnJoW98ANaNo\\\\n+8KJEPdhAgMBAAECggEABvvIEBSKQKIsyEBUJYfTQo2EgjbnE1o7ladWW/7zwfIp\\\\nOd3R8uS43FNrbBmD5WO1IL8iWd0J1qgyvNkAl3PUjb5UUr3kIZx/3hDdBzRLcYS2\\\\nSofdl4IiFyaRzXl/0CHoDgSap8qM4ieqFarREzSOk/SHmWotz/oDuJ50k7FQ2Qiw\\\\noIhWlXi7OL7VGKoqXDqwbf6YYJdRJFikNt9DbN8zdoBSEfy7dn8xxXQD2UWV3vz3\\\\nvaJ+L6aNWhqfRAGdaGBEpALt2WvxGzLwUEL6HVz7KMuXNSLuE1J1iFTqVLcA7bnP\\\\nHURNAvwDUMvow2HLSGe9VStTDBhgXzMqSPtpKsJbiQKBgQDXzVoLTiUdQhejXt3e\\\\nXlIicsXkdJYeIY3EDuwrIAti5jp5G5q7nvQzt6RiMXLQISP2WwcZzDMJf5Zstlvr\\\\nyydI1s53aNhnrGWTpd+q1MaEMqtvUgdBhF5KhBJGQICr5vnJCGa4MfQ9rbzgk/YJ\\\\n1z0RVnDXzhNzhLDO1KtSKcYDZQKBgQDDlm9m9WaFscVDldV1yU7aHvu7S4wiCunb\\\\nj8kPP3fqgBJLQ291o/HSrKOaOuwU2aR82H2YAMX1NA9N/6LUlRXfR2O3Kv7PHcIu\\\\naBvRpyg3yDOjS6ymPSMD2jJdshkBwKAymtkLxbgT/YEGescyTSvJht2t6YcBRa9t\\\\n5QcP9OAKTQKBgQCQvH7/BBtqYzCddvwRr2shBZ9qWTNx5AlEDMojJmvcmhNvtK7z\\\\n1Wlt4mZTIV0i8IdBLM43ZDh6z2LhaPF/1RJ1DPUPK3exGPRLsb2wwuKeOam3kOmi\\\\n7JedHLVw/sQOB21Sgtr6AS8RyxvZ+ALVmNGxdita4jEzkjRPlF2PTssq7QKBgCgM\\\\n6gr/PVsrJ+XLDMbtzgPETG/x7GQcL/8R1m4U5Q1T5GsdB/ni9GXbjDTM1AMA/jnC\\\\naxVxMxge7PNf4Yv+a1gpWjXry/nFcjnmf6vSut2RVWGe4V+5LS5gw+eDzLMbKrKy\\\\nGrfaaPNO+djF03xtaQX/Y+104HxWNLIgL+4IisgRAoGAImypwbkNcOZnQakvBOys\\\\nJDL7JzGDJfj+MhdRGAtRVE0Sw3zWwM0MMdtaBkUQaZTSYGxo/yp5WsnZwjLmH0bt\\\\n42ZmEbCynvb90XeMxbBH/1r6Zh2RBfGbd5HUb4HzPrxkvGBAwjw7l8J2ijsORx1Z\\\\nLtk3VDJmgOm6segIA9ftr8w=\\\\n-----END PRIVATE KEY-----\\\\n\\\"\",\"FIREBASE_PROJECT_ID\":\"sttf-beefc\",\"FIREBASE_STORAGE_BUCKET\":\"sttf-beefc.firebasestorage.app\",\"MOBILE_FRONTEND_URL\":\"http://ALB_DNS_NAME/staging\",\"NODE_ENV\":\"production\",\"POSTGRES_DB\":\"postgres\",\"POSTGRES_HOST\":\"sttf-api-prod-db.czsuc4ms8v8w.eu-central-1.rds.amazonaws.com\",\"POSTGRES_PASSWORD\":\"VZ27V4bm1BGPhDODG0rC7umRQG4xZ0Gt\",\"POSTGRES_PORT\":5432,\"POSTGRES_USER\":\"sttf_admin\",\"SENTRY_DSN\":\"https://3b187f209040e1fa1b563980af2f1daa@o4508665249923072.ingest.de.sentry.io/4509943640752208\",\"SESSION_SECRET\":\"hDwDfH2XYBcVGXsb0LKvgauOpczhLC5G\",\"WEB_FRONTEND_URL\":\"http://ALB_DNS_NAME/staging\",\"WHOOP_AUTHORIZE_URL\":\"https://api.prod.whoop.com/oauth/oauth2/auth\",\"WHOOP_CLIENT_ID\":\"5fa1fa37-e31a-4768-ae3c-b5daaed224e1\",\"WHOOP_CLIENT_SECRET\":\"9458bd3de5ecff9608124abbc9c9eb51f946c9bebf636e3d031f520b7fb4aab5\",\"WHOOP_TOKEN_URL\":\"https://api.prod.whoop.com/oauth/oauth2/token\"}",
            "version_id": "BEDE4E6B-48C5-49D6-A107-6441AAA387EA",
            "version_stages": [
              "AWSCURRENT"
            ]
          },
          "sensitive_attributes": [
            [
              {
                "type": "get_attr",
                "value": "secret_binary"
              }
            ],
            [
              {
                "type": "get_attr",
                "value": "secret_string"
              }
            ]
          ],
          "identity_schema_version": 0,
          "private": "bnVsbA==",
          "dependencies": [
            "aws_db_instance.sttf_api_prod_db",
            "aws_db_subnet_group.sttf_db_subnet_group",
            "aws_secretsmanager_secret.prod_secrets",
            "aws_security_group.rds_sg",
            "aws_security_group.sttf_alb_sg",
            "aws_security_group.sttf_api_sg",
            "aws_subnet.sttf_private_subnet_1",
            "aws_subnet.sttf_private_subnet_2",
            "aws_vpc.sttf_vpc",
            "data.aws_availability_zones.available"
          ]
        }
      ]
    },
    {
      "mode": "managed",
      "type": "aws_secretsmanager_secret_version",
      "name": "staging_secrets",
      "provider": "provider[\"registry.terraform.io/hashicorp/aws\"]",
      "instances": [
        {
          "schema_version": 0,
          "attributes": {
            "arn": "arn:aws:secretsmanager:eu-central-1:700903221803:secret:SttfApiStagingContainerSecrets-v2-sapaAc",
            "id": "arn:aws:secretsmanager:eu-central-1:700903221803:secret:SttfApiStagingContainerSecrets-v2-sapaAc|82909D3F-782A-42F6-AF22-20A0FD40D289",
            "secret_binary": "",
            "secret_id": "arn:aws:secretsmanager:eu-central-1:700903221803:secret:SttfApiStagingContainerSecrets-v2-sapaAc",
            "secret_string": "{\"APP_PORT\":\"5000\",\"ENCRYPTION_KEY\":\"Xm5O4wuS4odgIbJkKblfYunA23LMWZwg\",\"ENVIRONMENT\":\"staging\",\"FIREBASE_API_KEY\":\"AIzaSyDOn2ZeQLgi9QvpNsF6cn3Boc4WTBsF-bY\",\"FIREBASE_APP_ID\":\"1:407693041843:web:ae756614a2cd8a5f1190c6\",\"FIREBASE_AUTH_DOMAIN\":\"sttf-beefc.firebaseapp.com\",\"FIREBASE_CLIENT_EMAIL\":\"firebase-adminsdk-fbsvc@sttf-beefc.iam.gserviceaccount.com\",\"FIREBASE_MESSAGING_SENDER_ID\":\"407693041843\",\"FIREBASE_PRIVATE_KEY\":\"\\\"-----BEGIN PRIVATE KEY-----\\\\nMIIEvQIBADANBgkqhkiG9w0BAQEFAASCBKcwggSjAgEAAoIBAQCk4DvSM+DKHfSM\\\\nZB3LFIl7qKvN0ErfBaW9oS2dwbC3Xg4TXvZ3KGX74DckOnf0O5YiPRjajCs+HXlJ\\\\nLELZCb+bogNdC2C0Xw02Vxp7t+esRsW1z/alcKGLXNq39MHHz4uSUPDr1N2CY2tZ\\\\nh5IcIXmkc5sRFjgHuxBHw+hUuVfM31od7N7Wjvlvwma9JsZj34AWDTT0rnpRBc7s\\\\nCyRhnjTxRKh5hrvt9TOrBhDP/g5D3286CEd//4iieSMU4YJRlSEPoZ6rUdXeJN9j\\\\n/PDyOcvP9wXrZPIUkq030zZ0cX3p9X1a/Cx7UEWbazLO5iHeNkZEdnJoW98ANaNo\\\\n+8KJEPdhAgMBAAECggEABvvIEBSKQKIsyEBUJYfTQo2EgjbnE1o7ladWW/7zwfIp\\\\nOd3R8uS43FNrbBmD5WO1IL8iWd0J1qgyvNkAl3PUjb5UUr3kIZx/3hDdBzRLcYS2\\\\nSofdl4IiFyaRzXl/0CHoDgSap8qM4ieqFarREzSOk/SHmWotz/oDuJ50k7FQ2Qiw\\\\noIhWlXi7OL7VGKoqXDqwbf6YYJdRJFikNt9DbN8zdoBSEfy7dn8xxXQD2UWV3vz3\\\\nvaJ+L6aNWhqfRAGdaGBEpALt2WvxGzLwUEL6HVz7KMuXNSLuE1J1iFTqVLcA7bnP\\\\nHURNAvwDUMvow2HLSGe9VStTDBhgXzMqSPtpKsJbiQKBgQDXzVoLTiUdQhejXt3e\\\\nXlIicsXkdJYeIY3EDuwrIAti5jp5G5q7nvQzt6RiMXLQISP2WwcZzDMJf5Zstlvr\\\\nyydI1s53aNhnrGWTpd+q1MaEMqtvUgdBhF5KhBJGQICr5vnJCGa4MfQ9rbzgk/YJ\\\\n1z0RVnDXzhNzhLDO1KtSKcYDZQKBgQDDlm9m9WaFscVDldV1yU7aHvu7S4wiCunb\\\\nj8kPP3fqgBJLQ291o/HSrKOaOuwU2aR82H2YAMX1NA9N/6LUlRXfR2O3Kv7PHcIu\\\\naBvRpyg3yDOjS6ymPSMD2jJdshkBwKAymtkLxbgT/YEGescyTSvJht2t6YcBRa9t\\\\n5QcP9OAKTQKBgQCQvH7/BBtqYzCddvwRr2shBZ9qWTNx5AlEDMojJmvcmhNvtK7z\\\\n1Wlt4mZTIV0i8IdBLM43ZDh6z2LhaPF/1RJ1DPUPK3exGPRLsb2wwuKeOam3kOmi\\\\n7JedHLVw/sQOB21Sgtr6AS8RyxvZ+ALVmNGxdita4jEzkjRPlF2PTssq7QKBgCgM\\\\n6gr/PVsrJ+XLDMbtzgPETG/x7GQcL/8R1m4U5Q1T5GsdB/ni9GXbjDTM1AMA/jnC\\\\naxVxMxge7PNf4Yv+a1gpWjXry/nFcjnmf6vSut2RVWGe4V+5LS5gw+eDzLMbKrKy\\\\nGrfaaPNO+djF03xtaQX/Y+104HxWNLIgL+4IisgRAoGAImypwbkNcOZnQakvBOys\\\\nJDL7JzGDJfj+MhdRGAtRVE0Sw3zWwM0MMdtaBkUQaZTSYGxo/yp5WsnZwjLmH0bt\\\\n42ZmEbCynvb90XeMxbBH/1r6Zh2RBfGbd5HUb4HzPrxkvGBAwjw7l8J2ijsORx1Z\\\\nLtk3VDJmgOm6segIA9ftr8w=\\\\n-----END PRIVATE KEY-----\\\\n\\\"\",\"FIREBASE_PROJECT_ID\":\"sttf-beefc\",\"FIREBASE_STORAGE_BUCKET\":\"sttf-beefc.firebasestorage.app\",\"MOBILE_FRONTEND_URL\":\"http://ALB_DNS_NAME/staging\",\"NODE_ENV\":\"staging\",\"POSTGRES_DB\":\"postgres\",\"POSTGRES_HOST\":\"sttf-api-staging-db.czsuc4ms8v8w.eu-central-1.rds.amazonaws.com\",\"POSTGRES_PASSWORD\":\"IlnlpPRrvQlhkNxftA5DqIpZ8oLG71eO\",\"POSTGRES_PORT\":5432,\"POSTGRES_USER\":\"sttf_admin\",\"SENTRY_DSN\":\"https://3b187f209040e1fa1b563980af2f1daa@o4508665249923072.ingest.de.sentry.io/4509943640752208\",\"SESSION_SECRET\":\"Gj7W8we8CxdGqdPT3gTTV7mZOyjBKAxl\",\"WEB_FRONTEND_URL\":\"http://ALB_DNS_NAME/staging\",\"WHOOP_AUTHORIZE_URL\":\"https://api.prod.whoop.com/oauth/oauth2/auth\",\"WHOOP_CLIENT_ID\":\"5fa1fa37-e31a-4768-ae3c-b5daaed224e1\",\"WHOOP_CLIENT_SECRET\":\"9458bd3de5ecff9608124abbc9c9eb51f946c9bebf636e3d031f520b7fb4aab5\",\"WHOOP_TOKEN_URL\":\"https://api.prod.whoop.com/oauth/oauth2/token\"}",
            "version_id": "82909D3F-782A-42F6-AF22-20A0FD40D289",
            "version_stages": [
              "AWSCURRENT"
            ]
          },
          "sensitive_attributes": [
            [
              {
                "type": "get_attr",
                "value": "secret_binary"
              }
            ],
            [
              {
                "type": "get_attr",
                "value": "secret_string"
              }
            ]
          ],
          "identity_schema_version": 0,
          "private": "bnVsbA==",
          "dependencies": [
            "aws_db_instance.sttf_api_staging_db",
            "aws_db_subnet_group.sttf_db_subnet_group",
            "aws_secretsmanager_secret.staging_secrets",
            "aws_security_group.rds_sg",
            "aws_security_group.sttf_alb_sg",
            "aws_security_group.sttf_api_sg",
            "aws_subnet.sttf_private_subnet_1",
            "aws_subnet.sttf_private_subnet_2",
            "aws_vpc.sttf_vpc",
            "data.aws_availability_zones.available"
          ]
        }
      ]
    },
    {
      "mode": "managed",
      "type": "aws_security_group",
      "name": "bastion_sg",
      "provider": "provider[\"registry.terraform.io/hashicorp/aws\"]",
      "instances": [
        {
          "schema_version": 1,
          "attributes": {
            "arn": "arn:aws:ec2:eu-central-1:700903221803:security-group/sg-07f227431ae77e485",
            "description": "Security group for Bastion Host",
            "egress": [
              {
                "cidr_blocks": [
                  "0.0.0.0/0"
                ],
                "description": "All outbound traffic",
                "from_port": 0,
                "ipv6_cidr_blocks": [],
                "prefix_list_ids": [],
                "protocol": "-1",
                "security_groups": [],
                "self": false,
                "to_port": 0
              }
            ],
            "id": "sg-07f227431ae77e485",
            "ingress": [
              {
                "cidr_blocks": [
                  "0.0.0.0/0"
                ],
                "description": "SSH access",
                "from_port": 22,
                "ipv6_cidr_blocks": [],
                "prefix_list_ids": [],
                "protocol": "tcp",
                "security_groups": [],
                "self": false,
                "to_port": 22
              }
            ],
            "name": "sttf-bastion-20250917210445527700000001",
            "name_prefix": "sttf-bastion-",
            "owner_id": "700903221803",
            "revoke_rules_on_delete": false,
            "tags": {
              "Environment": "shared",
              "Name": "sttf-bastion-sg",
              "Project": "sttf-hosting"
            },
            "timeouts": null,
            "vpc_id": "vpc-0c0a2f9dbac9d5707"
          },
          "sensitive_attributes": [],
          "identity_schema_version": 0,
          "private": "eyJlMmJmYjczMC1lY2FhLTExZTYtOGY4OC0zNDM2M2JjN2M0YzAiOnsiY3JlYXRlIjo2MDAwMDAwMDAwMDAsImRlbGV0ZSI6NjAwMDAwMDAwMDAwfSwic2NoZW1hX3ZlcnNpb24iOiIxIn0=",
          "dependencies": [
            "aws_vpc.sttf_vpc"
          ]
        }
      ]
    },
    {
      "mode": "managed",
      "type": "aws_security_group",
      "name": "rds_sg",
      "provider": "provider[\"registry.terraform.io/hashicorp/aws\"]",
      "instances": [
        {
          "schema_version": 1,
          "attributes": {
            "arn": "arn:aws:ec2:eu-central-1:700903221803:security-group/sg-0e134c9f49c0fe1b0",
            "description": "Security group for RDS PostgreSQL instances",
            "egress": [
              {
                "cidr_blocks": [
                  "0.0.0.0/0"
                ],
                "description": "",
                "from_port": 0,
                "ipv6_cidr_blocks": [],
                "prefix_list_ids": [],
                "protocol": "-1",
                "security_groups": [],
                "self": false,
                "to_port": 0
              }
            ],
            "id": "sg-0e134c9f49c0fe1b0",
            "ingress": [
              {
                "cidr_blocks": [],
                "description": "PostgreSQL access from EC2 instances",
                "from_port": 5432,
                "ipv6_cidr_blocks": [],
                "prefix_list_ids": [],
                "protocol": "tcp",
                "security_groups": [
                  "sg-05ba51a74c8c23dc9"
                ],
                "self": false,
                "to_port": 5432
              }
            ],
            "name": "sttf-rds-20250917204614222300000006",
            "name_prefix": "sttf-rds-",
            "owner_id": "700903221803",
            "revoke_rules_on_delete": false,
            "tags": {
              "Environment": "shared",
              "Name": "sttf-rds-sg",
              "Project": "sttf-hosting"
            },
            "timeouts": null,
            "vpc_id": "vpc-0c0a2f9dbac9d5707"
          },
          "sensitive_attributes": [],
          "identity_schema_version": 0,
          "private": "eyJlMmJmYjczMC1lY2FhLTExZTYtOGY4OC0zNDM2M2JjN2M0YzAiOnsiY3JlYXRlIjo2MDAwMDAwMDAwMDAsImRlbGV0ZSI6NjAwMDAwMDAwMDAwfSwic2NoZW1hX3ZlcnNpb24iOiIxIn0=",
          "dependencies": [
            "aws_security_group.sttf_alb_sg",
            "aws_security_group.sttf_api_sg",
            "aws_vpc.sttf_vpc"
          ]
        }
      ]
    },
    {
      "mode": "managed",
      "type": "aws_security_group",
      "name": "sttf_alb_sg",
      "provider": "provider[\"registry.terraform.io/hashicorp/aws\"]",
      "instances": [
        {
          "schema_version": 1,
          "attributes": {
            "arn": "arn:aws:ec2:eu-central-1:700903221803:security-group/sg-03e9a1194f5a377e7",
            "description": "Security group for STTF Application Load Balancer",
            "egress": [
              {
                "cidr_blocks": [
                  "0.0.0.0/0"
                ],
                "description": "All outbound traffic",
                "from_port": 0,
                "ipv6_cidr_blocks": [],
                "prefix_list_ids": [],
                "protocol": "-1",
                "security_groups": [],
                "self": false,
                "to_port": 0
              }
            ],
            "id": "sg-03e9a1194f5a377e7",
            "ingress": [
              {
                "cidr_blocks": [
                  "0.0.0.0/0"
                ],
                "description": "HTTP",
                "from_port": 80,
                "ipv6_cidr_blocks": [],
                "prefix_list_ids": [],
                "protocol": "tcp",
                "security_groups": [],
                "self": false,
                "to_port": 80
              },
              {
                "cidr_blocks": [
                  "0.0.0.0/0"
                ],
                "description": "HTTPS",
                "from_port": 443,
                "ipv6_cidr_blocks": [],
                "prefix_list_ids": [],
                "protocol": "tcp",
                "security_groups": [],
                "self": false,
                "to_port": 443
              }
            ],
            "name": "sttf-alb-20250917204609947500000004",
            "name_prefix": "sttf-alb-",
            "owner_id": "700903221803",
            "revoke_rules_on_delete": false,
            "tags": {
              "Environment": "shared",
              "Name": "sttf-alb-sg",
              "Project": "sttf-hosting"
            },
            "timeouts": null,
            "vpc_id": "vpc-0c0a2f9dbac9d5707"
          },
          "sensitive_attributes": [],
          "identity_schema_version": 0,
          "private": "eyJlMmJmYjczMC1lY2FhLTExZTYtOGY4OC0zNDM2M2JjN2M0YzAiOnsiY3JlYXRlIjo2MDAwMDAwMDAwMDAsImRlbGV0ZSI6NjAwMDAwMDAwMDAwfSwic2NoZW1hX3ZlcnNpb24iOiIxIn0=",
          "dependencies": [
            "aws_vpc.sttf_vpc"
          ]
        }
      ]
    },
    {
      "mode": "managed",
      "type": "aws_security_group",
      "name": "sttf_api_sg",
      "provider": "provider[\"registry.terraform.io/hashicorp/aws\"]",
      "instances": [
        {
          "schema_version": 1,
          "attributes": {
            "arn": "arn:aws:ec2:eu-central-1:700903221803:security-group/sg-05ba51a74c8c23dc9",
            "description": "Security group for STTF API servers",
            "egress": [
              {
                "cidr_blocks": [
                  "0.0.0.0/0"
                ],
                "description": "All outbound traffic",
                "from_port": 0,
                "ipv6_cidr_blocks": [],
                "prefix_list_ids": [],
                "protocol": "-1",
                "security_groups": [],
                "self": false,
                "to_port": 0
              }
            ],
            "id": "sg-05ba51a74c8c23dc9",
            "ingress": [
              {
                "cidr_blocks": [
                  "0.0.0.0/0"
                ],
                "description": "SSH access",
                "from_port": 22,
                "ipv6_cidr_blocks": [],
                "prefix_list_ids": [],
                "protocol": "tcp",
                "security_groups": [],
                "self": false,
                "to_port": 22
              },
              {
                "cidr_blocks": [],
                "description": "API traffic from ALB",
                "from_port": 5000,
                "ipv6_cidr_blocks": [],
                "prefix_list_ids": [],
                "protocol": "tcp",
                "security_groups": [
                  "sg-03e9a1194f5a377e7"
                ],
                "self": false,
                "to_port": 5000
              }
            ],
            "name": "sttf-api-20250917204612126900000005",
            "name_prefix": "sttf-api-",
            "owner_id": "700903221803",
            "revoke_rules_on_delete": false,
            "tags": {
              "Environment": "shared",
              "Name": "sttf-api-sg",
              "Project": "sttf-hosting"
            },
            "timeouts": null,
            "vpc_id": "vpc-0c0a2f9dbac9d5707"
          },
          "sensitive_attributes": [],
          "identity_schema_version": 0,
          "private": "eyJlMmJmYjczMC1lY2FhLTExZTYtOGY4OC0zNDM2M2JjN2M0YzAiOnsiY3JlYXRlIjo2MDAwMDAwMDAwMDAsImRlbGV0ZSI6NjAwMDAwMDAwMDAwfSwic2NoZW1hX3ZlcnNpb24iOiIxIn0=",
          "dependencies": [
            "aws_security_group.sttf_alb_sg",
            "aws_vpc.sttf_vpc"
          ]
        }
      ]
    },
    {
      "mode": "managed",
      "type": "aws_security_group_rule",
      "name": "ec2_ssh_from_bastion",
      "provider": "provider[\"registry.terraform.io/hashicorp/aws\"]",
      "instances": [
        {
          "schema_version": 2,
          "attributes": {
            "cidr_blocks": null,
            "description": "SSH access from bastion host",
            "from_port": 22,
            "id": "sgrule-3750337864",
            "ipv6_cidr_blocks": null,
            "prefix_list_ids": null,
            "protocol": "tcp",
            "security_group_id": "sg-05ba51a74c8c23dc9",
            "self": false,
            "source_security_group_id": "sg-07f227431ae77e485",
            "to_port": 22,
            "type": "ingress"
          },
          "sensitive_attributes": [],
          "identity_schema_version": 0,
          "private": "eyJzY2hlbWFfdmVyc2lvbiI6IjIifQ==",
          "dependencies": [
            "aws_security_group.bastion_sg",
            "aws_security_group.sttf_alb_sg",
            "aws_security_group.sttf_api_sg",
            "aws_vpc.sttf_vpc"
          ]
        }
      ]
    },
    {
      "mode": "managed",
      "type": "aws_ssm_document",
      "name": "deployment_document",
      "provider": "provider[\"registry.terraform.io/hashicorp/aws\"]",
      "instances": [
        {
          "schema_version": 0,
          "attributes": {
            "arn": "arn:aws:ssm:eu-central-1:700903221803:document/sttf-deployment-script",
            "attachments_source": [],
            "content": "schemaVersion: '2.2'\ndescription: 'Deploy STTF API containers'\nparameters:\n  commands:\n    type: StringList\n    description: 'Commands to run'\nmainSteps:\n- action: aws:runShellScript\n  name: deployContainer\n  inputs:\n    runCommand: '{{ commands }}'\n",
            "created_date": "2025-09-17T20:46:07Z",
            "default_version": "1",
            "description": "Deploy STTF API containers",
            "document_format": "YAML",
            "document_type": "Command",
            "document_version": "1",
            "hash": "909d3d6eb8323556c2d4764537412ae7f65f5478ab26cdff31682a8c24387c97",
            "hash_type": "Sha256",
            "id": "sttf-deployment-script",
            "latest_version": "1",
            "name": "sttf-deployment-script",
            "owner": "700903221803",
            "parameter": [
              {
                "default_value": "",
                "description": "Commands to run",
                "name": "commands",
                "type": "StringList"
              }
            ],
            "permissions": {},
            "platform_types": [
              "Linux",
              "MacOS"
            ],
            "schema_version": "2.2",
            "status": "Active",
            "tags": {},
            "target_type": ""
          },
          "sensitive_attributes": [],
          "identity_schema_version": 0,
          "private": "bnVsbA=="
        }
      ]
    },
    {
      "mode": "managed",
      "type": "aws_subnet",
      "name": "sttf_private_subnet_1",
      "provider": "provider[\"registry.terraform.io/hashicorp/aws\"]",
      "instances": [
        {
          "schema_version": 1,
          "attributes": {
            "arn": "arn:aws:ec2:eu-central-1:700903221803:subnet/subnet-0ba15edf7b957e6c4",
            "assign_ipv6_address_on_creation": false,
            "availability_zone": "eu-central-1a",
            "availability_zone_id": "euc1-az2",
            "cidr_block": "10.0.10.0/24",
            "id": "subnet-0ba15edf7b957e6c4",
            "ipv6_cidr_block": "",
            "ipv6_cidr_block_association_id": "",
            "map_public_ip_on_launch": false,
            "outpost_arn": "",
            "owner_id": "700903221803",
            "tags": {
              "Environment": "shared",
              "Name": "sttf-private-subnet-1",
              "Project": "sttf-hosting",
              "Type": "private"
            },
            "timeouts": null,
            "vpc_id": "vpc-0c0a2f9dbac9d5707"
          },
          "sensitive_attributes": [],
          "identity_schema_version": 0,
          "private": "eyJlMmJmYjczMC1lY2FhLTExZTYtOGY4OC0zNDM2M2JjN2M0YzAiOnsiY3JlYXRlIjo2MDAwMDAwMDAwMDAsImRlbGV0ZSI6MTIwMDAwMDAwMDAwMH0sInNjaGVtYV92ZXJzaW9uIjoiMSJ9",
          "dependencies": [
            "aws_vpc.sttf_vpc",
            "data.aws_availability_zones.available"
          ]
        }
      ]
    },
    {
      "mode": "managed",
      "type": "aws_subnet",
      "name": "sttf_private_subnet_2",
      "provider": "provider[\"registry.terraform.io/hashicorp/aws\"]",
      "instances": [
        {
          "schema_version": 1,
          "attributes": {
            "arn": "arn:aws:ec2:eu-central-1:700903221803:subnet/subnet-040e1f123cf86345e",
            "assign_ipv6_address_on_creation": false,
            "availability_zone": "eu-central-1b",
            "availability_zone_id": "euc1-az3",
            "cidr_block": "10.0.20.0/24",
            "id": "subnet-040e1f123cf86345e",
            "ipv6_cidr_block": "",
            "ipv6_cidr_block_association_id": "",
            "map_public_ip_on_launch": false,
            "outpost_arn": "",
            "owner_id": "700903221803",
            "tags": {
              "Environment": "shared",
              "Name": "sttf-private-subnet-2",
              "Project": "sttf-hosting",
              "Type": "private"
            },
            "timeouts": null,
            "vpc_id": "vpc-0c0a2f9dbac9d5707"
          },
          "sensitive_attributes": [],
          "identity_schema_version": 0,
          "private": "eyJlMmJmYjczMC1lY2FhLTExZTYtOGY4OC0zNDM2M2JjN2M0YzAiOnsiY3JlYXRlIjo2MDAwMDAwMDAwMDAsImRlbGV0ZSI6MTIwMDAwMDAwMDAwMH0sInNjaGVtYV92ZXJzaW9uIjoiMSJ9",
          "dependencies": [
            "aws_vpc.sttf_vpc",
            "data.aws_availability_zones.available"
          ]
        }
      ]
    },
    {
      "mode": "managed",
      "type": "aws_subnet",
      "name": "sttf_public_subnet_1",
      "provider": "provider[\"registry.terraform.io/hashicorp/aws\"]",
      "instances": [
        {
          "schema_version": 1,
          "attributes": {
            "arn": "arn:aws:ec2:eu-central-1:700903221803:subnet/subnet-0af4ad97fcf80d645",
            "assign_ipv6_address_on_creation": false,
            "availability_zone": "eu-central-1a",
            "availability_zone_id": "euc1-az2",
            "cidr_block": "10.0.1.0/24",
            "id": "subnet-0af4ad97fcf80d645",
            "ipv6_cidr_block": "",
            "ipv6_cidr_block_association_id": "",
            "map_public_ip_on_launch": true,
            "outpost_arn": "",
            "owner_id": "700903221803",
            "tags": {
              "Environment": "shared",
              "Name": "sttf-public-subnet-1",
              "Project": "sttf-hosting",
              "Type": "public"
            },
            "timeouts": null,
            "vpc_id": "vpc-0c0a2f9dbac9d5707"
          },
          "sensitive_attributes": [],
          "identity_schema_version": 0,
          "private": "eyJlMmJmYjczMC1lY2FhLTExZTYtOGY4OC0zNDM2M2JjN2M0YzAiOnsiY3JlYXRlIjo2MDAwMDAwMDAwMDAsImRlbGV0ZSI6MTIwMDAwMDAwMDAwMH0sInNjaGVtYV92ZXJzaW9uIjoiMSJ9",
          "dependencies": [
            "aws_vpc.sttf_vpc",
            "data.aws_availability_zones.available"
          ]
        }
      ]
    },
    {
      "mode": "managed",
      "type": "aws_subnet",
      "name": "sttf_public_subnet_2",
      "provider": "provider[\"registry.terraform.io/hashicorp/aws\"]",
      "instances": [
        {
          "schema_version": 1,
          "attributes": {
            "arn": "arn:aws:ec2:eu-central-1:700903221803:subnet/subnet-029f731e84845be84",
            "assign_ipv6_address_on_creation": false,
            "availability_zone": "eu-central-1b",
            "availability_zone_id": "euc1-az3",
            "cidr_block": "10.0.2.0/24",
            "id": "subnet-029f731e84845be84",
            "ipv6_cidr_block": "",
            "ipv6_cidr_block_association_id": "",
            "map_public_ip_on_launch": true,
            "outpost_arn": "",
            "owner_id": "700903221803",
            "tags": {
              "Environment": "shared",
              "Name": "sttf-public-subnet-2",
              "Project": "sttf-hosting",
              "Type": "public"
            },
            "timeouts": null,
            "vpc_id": "vpc-0c0a2f9dbac9d5707"
          },
          "sensitive_attributes": [],
          "identity_schema_version": 0,
          "private": "eyJlMmJmYjczMC1lY2FhLTExZTYtOGY4OC0zNDM2M2JjN2M0YzAiOnsiY3JlYXRlIjo2MDAwMDAwMDAwMDAsImRlbGV0ZSI6MTIwMDAwMDAwMDAwMH0sInNjaGVtYV92ZXJzaW9uIjoiMSJ9",
          "dependencies": [
            "aws_vpc.sttf_vpc",
            "data.aws_availability_zones.available"
          ]
        }
      ]
    },
    {
      "mode": "managed",
      "type": "aws_vpc",
      "name": "sttf_vpc",
      "provider": "provider[\"registry.terraform.io/hashicorp/aws\"]",
      "instances": [
        {
          "schema_version": 1,
          "attributes": {
            "arn": "arn:aws:ec2:eu-central-1:700903221803:vpc/vpc-0c0a2f9dbac9d5707",
            "assign_generated_ipv6_cidr_block": false,
            "cidr_block": "10.0.0.0/16",
            "default_network_acl_id": "acl-0454f8945d6bbfb9a",
            "default_route_table_id": "rtb-02e839868d3ff7334",
            "default_security_group_id": "sg-0018aba3bdd71674b",
            "dhcp_options_id": "dopt-0dce5df058b4f5730",
            "enable_classiclink": null,
            "enable_classiclink_dns_support": null,
            "enable_dns_hostnames": true,
            "enable_dns_support": true,
            "id": "vpc-0c0a2f9dbac9d5707",
            "instance_tenancy": "default",
            "ipv6_association_id": "",
            "ipv6_cidr_block": "",
            "main_route_table_id": "rtb-02e839868d3ff7334",
            "owner_id": "700903221803",
            "tags": {
              "Environment": "shared",
              "Name": "sttf-vpc",
              "Project": "sttf-hosting"
            }
          },
          "sensitive_attributes": [],
          "identity_schema_version": 0,
          "private": "eyJzY2hlbWFfdmVyc2lvbiI6IjEifQ=="
        }
      ]
    }
  ],
  "check_results": null
}
